{
  "pins" : [
    {
      "identity" : "persistenceswift",
      "kind" : "remoteSourceControl",
      "location" : "https://github.com/jaeseung16/PersistenceSwift",
      "state" : {
        "revision" : "f6c8e97a8f1fcb55d9c98326424f404b08cd2d1a",
        "version" : "0.2.17"
      }
    }
  ],
  "version" : 2
}
