{
  "pins" : [
    {
      "identity" : "persistenceswift",
      "kind" : "remoteSourceControl",
      "location" : "https://github.com/jaeseung16/PersistenceSwift",
      "state" : {
        "branch" : "main",
        "revision" : "30bc60a602b51a7f028ba8c38698df214a8d172e"
      }
    }
  ],
  "version" : 2
}
