// !$*UTF8*$!
{
	archiveVersion = 1;
	classes = {
	};
	objectVersion = 54;
	objects = {

/* Begin PBXBuildFile section */
		902B077D2861021D004D9DF0 /* AppDelegate.swift in Sources */ = {isa = PBXBuildFile; fileRef = 902B077C2861021D004D9DF0 /* AppDelegate.swift */; };
		902B0784286107AE004D9DF0 /* WidgetKit.framework in Frameworks */ = {isa = PBXBuildFile; fileRef = 902B0783286107AE004D9DF0 /* WidgetKit.framework */; };
		902B0786286107AE004D9DF0 /* SwiftUI.framework in Frameworks */ = {isa = PBXBuildFile; fileRef = 902B0785286107AE004D9DF0 /* SwiftUI.framework */; };
		902B0789286107AE004D9DF0 /* SearchPubChemWidgetExtension.swift in Sources */ = {isa = PBXBuildFile; fileRef = 902B0788286107AE004D9DF0 /* SearchPubChemWidgetExtension.swift */; };
		902B078B286107B2004D9DF0 /* Assets.xcassets in Resources */ = {isa = PBXBuildFile; fileRef = 902B078A286107B1004D9DF0 /* Assets.xcassets */; };
		902B078F286107B2004D9DF0 /* SearchPubChemWidgetExtensionExtension.appex in Embed Foundation Extensions */ = {isa = PBXBuildFile; fileRef = 902B0782286107AE004D9DF0 /* SearchPubChemWidgetExtensionExtension.appex */; settings = {ATTRIBUTES = (RemoveHeadersOnCopy, ); }; };
		902B079628610833004D9DF0 /* WidgetEntry.swift in Sources */ = {isa = PBXBuildFile; fileRef = 902B079528610833004D9DF0 /* WidgetEntry.swift */; };
		902B07972861083D004D9DF0 /* WidgetEntry.swift in Sources */ = {isa = PBXBuildFile; fileRef = 902B079528610833004D9DF0 /* WidgetEntry.swift */; };
		902B079A28610B0B004D9DF0 /* SearchPubChemConstants.swift in Sources */ = {isa = PBXBuildFile; fileRef = 903140FC283EE71600A72350 /* SearchPubChemConstants.swift */; };
		902B079D28610C06004D9DF0 /* Provider.swift in Sources */ = {isa = PBXBuildFile; fileRef = 902B079B28610BFC004D9DF0 /* Provider.swift */; };
		902B079E28610C0C004D9DF0 /* WidgetEntryView.swift in Sources */ = {isa = PBXBuildFile; fileRef = 902B079828610AE9004D9DF0 /* WidgetEntryView.swift */; };
		902DFADD2027636B001E2AD6 /* Assets.xcassets in Resources */ = {isa = PBXBuildFile; fileRef = 902DFADC2027636B001E2AD6 /* Assets.xcassets */; };
		903140FD283EE71600A72350 /* SearchPubChemConstants.swift in Sources */ = {isa = PBXBuildFile; fileRef = 903140FC283EE71600A72350 /* SearchPubChemConstants.swift */; };
		9062E67C23411DAB0039C136 /* AtomEntity+Extensions.swift in Sources */ = {isa = PBXBuildFile; fileRef = 9062E67B23411DAB0039C136 /* AtomEntity+Extensions.swift */; };
		9065BF5B22EE2F7400350083 /* Elements.swift in Sources */ = {isa = PBXBuildFile; fileRef = 9065BF5A22EE2F7400350083 /* Elements.swift */; };
		90725F9B204217540083E1FC /* Compound+Extensions.swift in Sources */ = {isa = PBXBuildFile; fileRef = 90725F9A204217540083E1FC /* Compound+Extensions.swift */; };
		90725F9D204217830083E1FC /* Solution+Extensions.swift in Sources */ = {isa = PBXBuildFile; fileRef = 90725F9C204217830083E1FC /* Solution+Extensions.swift */; };
		907327652A47774100B0A8DA /* Settings.bundle in Resources */ = {isa = PBXBuildFile; fileRef = 908C70F82A4652AF00D6C9FA /* Settings.bundle */; };
		907730B92A50DD8E003AA5A8 /* PubChemDownloader.swift in Sources */ = {isa = PBXBuildFile; fileRef = 907730B82A50DD8E003AA5A8 /* PubChemDownloader.swift */; };
		907730BB2A50E048003AA5A8 /* PubChemDownloadError.swift in Sources */ = {isa = PBXBuildFile; fileRef = 907730BA2A50E048003AA5A8 /* PubChemDownloadError.swift */; };
		907AB0F62A51C50700922EF0 /* PubChemDownloading.swift in Sources */ = {isa = PBXBuildFile; fileRef = 907AB0F52A51C50700922EF0 /* PubChemDownloading.swift */; };
		907AB0F82A52306E00922EF0 /* PersistenceHelper.swift in Sources */ = {isa = PBXBuildFile; fileRef = 907AB0F72A52306E00922EF0 /* PersistenceHelper.swift */; };
		907AE1C42A40D6F5003D88A5 /* SearchPubChemSpotlightDelegate.swift in Sources */ = {isa = PBXBuildFile; fileRef = 907AE1C32A40D6F5003D88A5 /* SearchPubChemSpotlightDelegate.swift */; };
		9081A380201BEEB800A1FECC /* PubChemSolution.xcdatamodeld in Sources */ = {isa = PBXBuildFile; fileRef = 9081A37E201BEEB800A1FECC /* PubChemSolution.xcdatamodeld */; };
		908497C9266D76D2002644F6 /* records.json in Resources */ = {isa = PBXBuildFile; fileRef = 908497C8266D76D2002644F6 /* records.json */; };
		908497FB266D79A7002644F6 /* 6134_lactose.png in Resources */ = {isa = PBXBuildFile; fileRef = 908497CB266D79A5002644F6 /* 6134_lactose.png */; };
		908497FC266D79A7002644F6 /* 6274_histidine.png in Resources */ = {isa = PBXBuildFile; fileRef = 908497CC266D79A5002644F6 /* 6274_histidine.png */; };
		908497FD266D79A7002644F6 /* 2723872_fructose.png in Resources */ = {isa = PBXBuildFile; fileRef = 908497CD266D79A5002644F6 /* 2723872_fructose.png */; };
		908497FE266D79A7002644F6 /* 6267_asparagine.png in Resources */ = {isa = PBXBuildFile; fileRef = 908497CE266D79A5002644F6 /* 6267_asparagine.png */; };
		908497FF266D79A7002644F6 /* 750_glycine.png in Resources */ = {isa = PBXBuildFile; fileRef = 908497CF266D79A5002644F6 /* 750_glycine.png */; };
		90849800266D79A7002644F6 /* 263_butan-1-ol.png in Resources */ = {isa = PBXBuildFile; fileRef = 908497D0266D79A5002644F6 /* 263_butan-1-ol.png */; };
		90849803266D79A7002644F6 /* 5960_aspartic acid.png in Resources */ = {isa = PBXBuildFile; fileRef = 908497D3266D79A5002644F6 /* 5960_aspartic acid.png */; };
		90849804266D79A7002644F6 /* 3672_ibuprofen.png in Resources */ = {isa = PBXBuildFile; fileRef = 908497D4266D79A5002644F6 /* 3672_ibuprofen.png */; };
		90849805266D79A7002644F6 /* 5951_serine.png in Resources */ = {isa = PBXBuildFile; fileRef = 908497D5266D79A5002644F6 /* 5951_serine.png */; };
		90849806266D79A7002644F6 /* 6276_pentan-1-ol.png in Resources */ = {isa = PBXBuildFile; fileRef = 908497D6266D79A5002644F6 /* 6276_pentan-1-ol.png */; };
		90849807266D79A7002644F6 /* 6306_isoleucine.png in Resources */ = {isa = PBXBuildFile; fileRef = 908497D7266D79A5002644F6 /* 6306_isoleucine.png */; };
		90849809266D79A7002644F6 /* 5962_lysine.png in Resources */ = {isa = PBXBuildFile; fileRef = 908497D9266D79A5002644F6 /* 5962_lysine.png */; };
		9084980A266D79A7002644F6 /* 702_ethanol.png in Resources */ = {isa = PBXBuildFile; fileRef = 908497DA266D79A5002644F6 /* 702_ethanol.png */; };
		9084980D266D79A7002644F6 /* 602_alanine.png in Resources */ = {isa = PBXBuildFile; fileRef = 908497DD266D79A6002644F6 /* 602_alanine.png */; };
		9084980E266D79A7002644F6 /* 6140_phenylalanine.png in Resources */ = {isa = PBXBuildFile; fileRef = 908497DE266D79A6002644F6 /* 6140_phenylalanine.png */; };
		9084980F266D79A7002644F6 /* 6322_arginine.png in Resources */ = {isa = PBXBuildFile; fileRef = 908497DF266D79A6002644F6 /* 6322_arginine.png */; };
		90849810266D79A7002644F6 /* 6036_galactose.png in Resources */ = {isa = PBXBuildFile; fileRef = 908497E0266D79A6002644F6 /* 6036_galactose.png */; };
		90849811266D79A7002644F6 /* 33032_glutamic acid.png in Resources */ = {isa = PBXBuildFile; fileRef = 908497E1266D79A6002644F6 /* 33032_glutamic acid.png */; };
		90849813266D79A7002644F6 /* 6057_tyrosine.png in Resources */ = {isa = PBXBuildFile; fileRef = 908497E3266D79A6002644F6 /* 6057_tyrosine.png */; };
		90849814266D79A7002644F6 /* 6255_maltose.png in Resources */ = {isa = PBXBuildFile; fileRef = 908497E4266D79A6002644F6 /* 6255_maltose.png */; };
		90849816266D79A7002644F6 /* 145742_proline.png in Resources */ = {isa = PBXBuildFile; fileRef = 908497E6266D79A6002644F6 /* 145742_proline.png */; };
		90849819266D79A7002644F6 /* 6288_threonine.png in Resources */ = {isa = PBXBuildFile; fileRef = 908497E9266D79A6002644F6 /* 6288_threonine.png */; };
		9084981B266D79A7002644F6 /* 2244_aspirin.png in Resources */ = {isa = PBXBuildFile; fileRef = 908497EB266D79A6002644F6 /* 2244_aspirin.png */; };
		9084981D266D79A7002644F6 /* 5862_cysteine.png in Resources */ = {isa = PBXBuildFile; fileRef = 908497ED266D79A7002644F6 /* 5862_cysteine.png */; };
		9084981E266D79A7002644F6 /* 5988_sucrose.png in Resources */ = {isa = PBXBuildFile; fileRef = 908497EE266D79A7002644F6 /* 5988_sucrose.png */; };
		9084981F266D79A7002644F6 /* 3776_propan-2-ol.png in Resources */ = {isa = PBXBuildFile; fileRef = 908497EF266D79A7002644F6 /* 3776_propan-2-ol.png */; };
		90849820266D79A7002644F6 /* 2682_hexadecan-1-ol.png in Resources */ = {isa = PBXBuildFile; fileRef = 908497F0266D79A7002644F6 /* 2682_hexadecan-1-ol.png */; };
		90849821266D79A7002644F6 /* 5793_glucose.png in Resources */ = {isa = PBXBuildFile; fileRef = 908497F1266D79A7002644F6 /* 5793_glucose.png */; };
		90849822266D79A7002644F6 /* 5961_glutamine.png in Resources */ = {isa = PBXBuildFile; fileRef = 908497F2266D79A7002644F6 /* 5961_glutamine.png */; };
		90849823266D79A7002644F6 /* 6106_leucine.png in Resources */ = {isa = PBXBuildFile; fileRef = 908497F3266D79A7002644F6 /* 6106_leucine.png */; };
		90849824266D79A7002644F6 /* 6137_methionine.png in Resources */ = {isa = PBXBuildFile; fileRef = 908497F4266D79A7002644F6 /* 6137_methionine.png */; };
		90849825266D79A7002644F6 /* 6287_valine.png in Resources */ = {isa = PBXBuildFile; fileRef = 908497F5266D79A7002644F6 /* 6287_valine.png */; };
		90849827266D79A7002644F6 /* 6305_tryptophan.png in Resources */ = {isa = PBXBuildFile; fileRef = 908497F7266D79A7002644F6 /* 6305_tryptophan.png */; };
		9084982A266D79A7002644F6 /* 887_methanol.png in Resources */ = {isa = PBXBuildFile; fileRef = 908497FA266D79A7002644F6 /* 887_methanol.png */; };
		9084982C266D79EF002644F6 /* RecordLoader.swift in Sources */ = {isa = PBXBuildFile; fileRef = 9084982B266D79EF002644F6 /* RecordLoader.swift */; };
		90863D782A58CDB800A9A7EB /* ConformerSceneView.swift in Sources */ = {isa = PBXBuildFile; fileRef = 90863D772A58CDB800A9A7EB /* ConformerSceneView.swift */; };
		9087E642271662F40097CFC6 /* Unit.swift in Sources */ = {isa = PBXBuildFile; fileRef = 9087E641271662F10097CFC6 /* Unit.swift */; };
		9087E644271663280097CFC6 /* AbsoluteRelative.swift in Sources */ = {isa = PBXBuildFile; fileRef = 9087E643271663280097CFC6 /* AbsoluteRelative.swift */; };
		9089909E27149C5700DC3989 /* 962_water.png in Resources */ = {isa = PBXBuildFile; fileRef = 9089909D27149C5700DC3989 /* 962_water.png */; };
		908990A027149CB100DC3989 /* 5234_sodium chloride.png in Resources */ = {isa = PBXBuildFile; fileRef = 9089909F27149CB100DC3989 /* 5234_sodium chloride.png */; };
		908990A22714A6D400DC3989 /* DataMigrationView.swift in Sources */ = {isa = PBXBuildFile; fileRef = 908990A12714A6D400DC3989 /* DataMigrationView.swift */; };
		908990A42714BF9C00DC3989 /* FirstLaunchView.swift in Sources */ = {isa = PBXBuildFile; fileRef = 908990A32714BF9C00DC3989 /* FirstLaunchView.swift */; };
		9089A0E92A5AF9CF00C14859 /* ConformerSceneHelper.swift in Sources */ = {isa = PBXBuildFile; fileRef = 9089A0E82A5AF9CF00C14859 /* ConformerSceneHelper.swift */; };
		909031432EB7FA640068C492 /* SolutionIngradientData.swift in Sources */ = {isa = PBXBuildFile; fileRef = 909031422EB7FA640068C492 /* SolutionIngradientData.swift */; };
		909AE6B3200CF2F000FEE529 /* LaunchScreen.storyboard in Resources */ = {isa = PBXBuildFile; fileRef = 909AE6B1200CF2F000FEE529 /* LaunchScreen.storyboard */; };
		909AE6BE200CF2F000FEE529 /* SearchPubChemTests.swift in Sources */ = {isa = PBXBuildFile; fileRef = 909AE6BD200CF2F000FEE529 /* SearchPubChemTests.swift */; };
		909AE6C9200CF2F000FEE529 /* SearchPubChemUITests.swift in Sources */ = {isa = PBXBuildFile; fileRef = 909AE6C8200CF2F000FEE529 /* SearchPubChemUITests.swift */; };
		90A09DE524B124EA0089C6C0 /* CompoundDTO.swift in Sources */ = {isa = PBXBuildFile; fileRef = 90A09DE424B124EA0089C6C0 /* CompoundDTO.swift */; };
		90A28688204638ED00FF796A /* PubChemSearchConstants.swift in Sources */ = {isa = PBXBuildFile; fileRef = 90A28687204638ED00FF796A /* PubChemSearchConstants.swift */; };
		90AE0822271B29E700DB7846 /* SceneKitView.swift in Sources */ = {isa = PBXBuildFile; fileRef = 90AE0821271B29E700DB7846 /* SceneKitView.swift */; };
		90AE0824271B4B1400DB7846 /* ConformerView.swift in Sources */ = {isa = PBXBuildFile; fileRef = 90AE0823271B4B1400DB7846 /* ConformerView.swift */; };
		90AE84CF271097C700470E1B /* ShareActivityView.swift in Sources */ = {isa = PBXBuildFile; fileRef = 90AE84CE271097C700470E1B /* ShareActivityView.swift */; };
		90AE84D12710A46800470E1B /* SolutionMigrationPolicy.swift in Sources */ = {isa = PBXBuildFile; fileRef = 90AE84D02710A46800470E1B /* SolutionMigrationPolicy.swift */; };
		90B12C41271333EF00EF065D /* DataMigrator.swift in Sources */ = {isa = PBXBuildFile; fileRef = 90B12C40271333EF00EF065D /* DataMigrator.swift */; };
		90B12C43271373EE00EF065D /* MappingModel.xcmappingmodel in Sources */ = {isa = PBXBuildFile; fileRef = 90B12C42271373EE00EF065D /* MappingModel.xcmappingmodel */; };
		90C008AB2309A60C0057217E /* ConformerEntity+Extensions.swift in Sources */ = {isa = PBXBuildFile; fileRef = 90C008AA2309A60C0057217E /* ConformerEntity+Extensions.swift */; };
		90C18BAD2649ED950036C0DE /* CompoundTag+Extensions.swift in Sources */ = {isa = PBXBuildFile; fileRef = 90C18BAC2649ED950036C0DE /* CompoundTag+Extensions.swift */; };
		90C2FF7524B6946D00C33F4C /* ConformerDTO.swift in Sources */ = {isa = PBXBuildFile; fileRef = 90C2FF7424B6946D00C33F4C /* ConformerDTO.swift */; };
		90C9C21924CF969E00E247BE /* WebKit.framework in Frameworks */ = {isa = PBXBuildFile; fileRef = 90C9C21824CF969E00E247BE /* WebKit.framework */; };
		90C9EAD526506B5E0004CA43 /* RecordDumper.swift in Sources */ = {isa = PBXBuildFile; fileRef = 90C9EAD426506B5E0004CA43 /* RecordDumper.swift */; };
		90CE069422E4EFBF0054E7C2 /* Conformer.swift in Sources */ = {isa = PBXBuildFile; fileRef = 90CE069322E4EFBF0054E7C2 /* Conformer.swift */; };
		90CE069622E4F0250054E7C2 /* Element.swift in Sources */ = {isa = PBXBuildFile; fileRef = 90CE069522E4F0250054E7C2 /* Element.swift */; };
		90CE069822E4F2220054E7C2 /* Atom.swift in Sources */ = {isa = PBXBuildFile; fileRef = 90CE069722E4F2220054E7C2 /* Atom.swift */; };
		90CEBE922EAD3DEC00020608 /* SearchPubChemError.swift in Sources */ = {isa = PBXBuildFile; fileRef = 90CEBE912EAD3DE600020608 /* SearchPubChemError.swift */; };
		90D4F7482651616D0082CFAE /* Compounds.swift in Sources */ = {isa = PBXBuildFile; fileRef = 90D4F7472651616D0082CFAE /* Compounds.swift */; };
		90D4F74A2651687A0082CFAE /* CompoundTagDTO.swift in Sources */ = {isa = PBXBuildFile; fileRef = 90D4F7492651687A0082CFAE /* CompoundTagDTO.swift */; };
		90D4F74C26516D540082CFAE /* CompoundWrapper.swift in Sources */ = {isa = PBXBuildFile; fileRef = 90D4F74B26516D540082CFAE /* CompoundWrapper.swift */; };
		90D58EF6270FAB0600C626A2 /* SolutionIngradientDTO.swift in Sources */ = {isa = PBXBuildFile; fileRef = 90D58EF5270FAB0600C626A2 /* SolutionIngradientDTO.swift */; };
		90D8B01A270D014500C81750 /* SelectTagsView.swift in Sources */ = {isa = PBXBuildFile; fileRef = 90D8B019270D014500C81750 /* SelectTagsView.swift */; };
		90D8B01C270E1C2500C81750 /* AddCompoundView.swift in Sources */ = {isa = PBXBuildFile; fileRef = 90D8B01B270E1C2500C81750 /* AddCompoundView.swift */; };
		90D8B01E270E1E0900C81750 /* SearchPubChemViewModel.swift in Sources */ = {isa = PBXBuildFile; fileRef = 90D8B01D270E1E0900C81750 /* SearchPubChemViewModel.swift */; };
		90D8B021270E1EEF00C81750 /* SearchType.swift in Sources */ = {isa = PBXBuildFile; fileRef = 90D8B020270E1EEF00C81750 /* SearchType.swift */; };
		90D8B023270E459300C81750 /* SolutionListView.swift in Sources */ = {isa = PBXBuildFile; fileRef = 90D8B022270E459300C81750 /* SolutionListView.swift */; };
		90D8B027270E501F00C81750 /* ContentView.swift in Sources */ = {isa = PBXBuildFile; fileRef = 90D8B026270E501F00C81750 /* ContentView.swift */; };
		90D8B029270E51AD00C81750 /* SearchPubChemApp.swift in Sources */ = {isa = PBXBuildFile; fileRef = 90D8B028270E51AD00C81750 /* SearchPubChemApp.swift */; };
		90D8B02B270E620200C81750 /* MakeSolutionView.swift in Sources */ = {isa = PBXBuildFile; fileRef = 90D8B02A270E620200C81750 /* MakeSolutionView.swift */; };
		90E010CE270A1A8F004A2401 /* CloudKit.framework in Frameworks */ = {isa = PBXBuildFile; fileRef = 90E010CD270A1A8F004A2401 /* CloudKit.framework */; };
		90E010D3270A2941004A2401 /* CompoundListView.swift in Sources */ = {isa = PBXBuildFile; fileRef = 90E010D2270A2941004A2401 /* CompoundListView.swift */; };
		90E010D5270A2A71004A2401 /* CompoundDetailView.swift in Sources */ = {isa = PBXBuildFile; fileRef = 90E010D4270A2A71004A2401 /* CompoundDetailView.swift */; };
		90E010D9270A54C9004A2401 /* SolutionDetailView.swift in Sources */ = {isa = PBXBuildFile; fileRef = 90E010D8270A54C9004A2401 /* SolutionDetailView.swift */; };
		90E19505270B782200B8196A /* CompoundMiniDetailView.swift in Sources */ = {isa = PBXBuildFile; fileRef = 90E19504270B782200B8196A /* CompoundMiniDetailView.swift */; };
		90E19507270BB00300B8196A /* CompoundTagView.swift in Sources */ = {isa = PBXBuildFile; fileRef = 90E19506270BB00300B8196A /* CompoundTagView.swift */; };
		90E19509270BCBBC00B8196A /* SelectCompoundsView.swift in Sources */ = {isa = PBXBuildFile; fileRef = 90E19508270BCBBC00B8196A /* SelectCompoundsView.swift */; };
		90E6E110285F7AF5007B6933 /* Persistence in Frameworks */ = {isa = PBXBuildFile; productRef = 90E6E10F285F7AF5007B6933 /* Persistence */; };
		90E8111C2EA8483300358E9B /* AppIcon_iOS26.icon in Resources */ = {isa = PBXBuildFile; fileRef = 90E8111B2EA8483300358E9B /* AppIcon_iOS26.icon */; };
		90EB2E2827271B4400C654BB /* TabItem.swift in Sources */ = {isa = PBXBuildFile; fileRef = 90EB2E2727271B4300C654BB /* TabItem.swift */; };
		90EB2E2A27271E6B00C654BB /* Action.swift in Sources */ = {isa = PBXBuildFile; fileRef = 90EB2E2927271E6B00C654BB /* Action.swift */; };
		90EB2E2D27275CBA00C654BB /* RoundedBackgroundRectangle.swift in Sources */ = {isa = PBXBuildFile; fileRef = 90EB2E2C27275CBA00C654BB /* RoundedBackgroundRectangle.swift */; };
/* End PBXBuildFile section */

/* Begin PBXContainerItemProxy section */
		902B078D286107B2004D9DF0 /* PBXContainerItemProxy */ = {
			isa = PBXContainerItemProxy;
			containerPortal = 909AE69D200CF2F000FEE529 /* Project object */;
			proxyType = 1;
			remoteGlobalIDString = 902B0781286107AE004D9DF0;
			remoteInfo = SearchPubChemWidgetExtensionExtension;
		};
		909AE6BA200CF2F000FEE529 /* PBXContainerItemProxy */ = {
			isa = PBXContainerItemProxy;
			containerPortal = 909AE69D200CF2F000FEE529 /* Project object */;
			proxyType = 1;
			remoteGlobalIDString = 909AE6A4200CF2F000FEE529;
			remoteInfo = SearchPubChem;
		};
		909AE6C5200CF2F000FEE529 /* PBXContainerItemProxy */ = {
			isa = PBXContainerItemProxy;
			containerPortal = 909AE69D200CF2F000FEE529 /* Project object */;
			proxyType = 1;
			remoteGlobalIDString = 909AE6A4200CF2F000FEE529;
			remoteInfo = SearchPubChem;
		};
/* End PBXContainerItemProxy section */

/* Begin PBXCopyFilesBuildPhase section */
		902B0794286107B2004D9DF0 /* Embed Foundation Extensions */ = {
			isa = PBXCopyFilesBuildPhase;
			buildActionMask = 12;
			dstPath = "";
			dstSubfolderSpec = 13;
			files = (
				902B078F286107B2004D9DF0 /* SearchPubChemWidgetExtensionExtension.appex in Embed Foundation Extensions */,
			);
			name = "Embed Foundation Extensions";
			runOnlyForDeploymentPostprocessing = 0;
		};
/* End PBXCopyFilesBuildPhase section */

/* Begin PBXFileReference section */
		902B077C2861021D004D9DF0 /* AppDelegate.swift */ = {isa = PBXFileReference; lastKnownFileType = sourcecode.swift; path = AppDelegate.swift; sourceTree = "<group>"; };
		902B0782286107AE004D9DF0 /* SearchPubChemWidgetExtensionExtension.appex */ = {isa = PBXFileReference; explicitFileType = "wrapper.app-extension"; includeInIndex = 0; path = SearchPubChemWidgetExtensionExtension.appex; sourceTree = BUILT_PRODUCTS_DIR; };
		902B0783286107AE004D9DF0 /* WidgetKit.framework */ = {isa = PBXFileReference; lastKnownFileType = wrapper.framework; name = WidgetKit.framework; path = System/Library/Frameworks/WidgetKit.framework; sourceTree = SDKROOT; };
		902B0785286107AE004D9DF0 /* SwiftUI.framework */ = {isa = PBXFileReference; lastKnownFileType = wrapper.framework; name = SwiftUI.framework; path = System/Library/Frameworks/SwiftUI.framework; sourceTree = SDKROOT; };
		902B0788286107AE004D9DF0 /* SearchPubChemWidgetExtension.swift */ = {isa = PBXFileReference; lastKnownFileType = sourcecode.swift; path = SearchPubChemWidgetExtension.swift; sourceTree = "<group>"; };
		902B078A286107B1004D9DF0 /* Assets.xcassets */ = {isa = PBXFileReference; lastKnownFileType = folder.assetcatalog; path = Assets.xcassets; sourceTree = "<group>"; };
		902B078C286107B2004D9DF0 /* Info.plist */ = {isa = PBXFileReference; lastKnownFileType = text.plist.xml; path = Info.plist; sourceTree = "<group>"; };
		902B0790286107B2004D9DF0 /* SearchPubChemWidgetExtensionExtension.entitlements */ = {isa = PBXFileReference; lastKnownFileType = text.plist.entitlements; path = SearchPubChemWidgetExtensionExtension.entitlements; sourceTree = "<group>"; };
		902B079528610833004D9DF0 /* WidgetEntry.swift */ = {isa = PBXFileReference; lastKnownFileType = sourcecode.swift; path = WidgetEntry.swift; sourceTree = "<group>"; };
		902B079828610AE9004D9DF0 /* WidgetEntryView.swift */ = {isa = PBXFileReference; lastKnownFileType = sourcecode.swift; path = WidgetEntryView.swift; sourceTree = "<group>"; };
		902B079B28610BFC004D9DF0 /* Provider.swift */ = {isa = PBXFileReference; lastKnownFileType = sourcecode.swift; path = Provider.swift; sourceTree = "<group>"; };
		902DFADC2027636B001E2AD6 /* Assets.xcassets */ = {isa = PBXFileReference; lastKnownFileType = folder.assetcatalog; path = Assets.xcassets; sourceTree = "<group>"; };
		903140FC283EE71600A72350 /* SearchPubChemConstants.swift */ = {isa = PBXFileReference; lastKnownFileType = sourcecode.swift; path = SearchPubChemConstants.swift; sourceTree = "<group>"; };
		9062E67B23411DAB0039C136 /* AtomEntity+Extensions.swift */ = {isa = PBXFileReference; lastKnownFileType = sourcecode.swift; path = "AtomEntity+Extensions.swift"; sourceTree = "<group>"; };
		9065BF5A22EE2F7400350083 /* Elements.swift */ = {isa = PBXFileReference; lastKnownFileType = sourcecode.swift; path = Elements.swift; sourceTree = "<group>"; };
		90725F9A204217540083E1FC /* Compound+Extensions.swift */ = {isa = PBXFileReference; lastKnownFileType = sourcecode.swift; path = "Compound+Extensions.swift"; sourceTree = "<group>"; };
		90725F9C204217830083E1FC /* Solution+Extensions.swift */ = {isa = PBXFileReference; lastKnownFileType = sourcecode.swift; path = "Solution+Extensions.swift"; sourceTree = "<group>"; };
		907730B82A50DD8E003AA5A8 /* PubChemDownloader.swift */ = {isa = PBXFileReference; lastKnownFileType = sourcecode.swift; path = PubChemDownloader.swift; sourceTree = "<group>"; };
		907730BA2A50E048003AA5A8 /* PubChemDownloadError.swift */ = {isa = PBXFileReference; lastKnownFileType = sourcecode.swift; path = PubChemDownloadError.swift; sourceTree = "<group>"; };
		907AB0F52A51C50700922EF0 /* PubChemDownloading.swift */ = {isa = PBXFileReference; lastKnownFileType = sourcecode.swift; path = PubChemDownloading.swift; sourceTree = "<group>"; };
		907AB0F72A52306E00922EF0 /* PersistenceHelper.swift */ = {isa = PBXFileReference; lastKnownFileType = sourcecode.swift; path = PersistenceHelper.swift; sourceTree = "<group>"; };
		907AE1C32A40D6F5003D88A5 /* SearchPubChemSpotlightDelegate.swift */ = {isa = PBXFileReference; lastKnownFileType = sourcecode.swift; path = SearchPubChemSpotlightDelegate.swift; sourceTree = "<group>"; };
		9081A37F201BEEB800A1FECC /* PubChemSolution.xcdatamodel */ = {isa = PBXFileReference; lastKnownFileType = wrapper.xcdatamodel; path = PubChemSolution.xcdatamodel; sourceTree = "<group>"; };
		908497C8266D76D2002644F6 /* records.json */ = {isa = PBXFileReference; fileEncoding = 4; lastKnownFileType = text.json; path = records.json; sourceTree = "<group>"; };
		908497CB266D79A5002644F6 /* 6134_lactose.png */ = {isa = PBXFileReference; lastKnownFileType = image.png; path = 6134_lactose.png; sourceTree = "<group>"; };
		908497CC266D79A5002644F6 /* 6274_histidine.png */ = {isa = PBXFileReference; lastKnownFileType = image.png; path = 6274_histidine.png; sourceTree = "<group>"; };
		908497CD266D79A5002644F6 /* 2723872_fructose.png */ = {isa = PBXFileReference; lastKnownFileType = image.png; path = 2723872_fructose.png; sourceTree = "<group>"; };
		908497CE266D79A5002644F6 /* 6267_asparagine.png */ = {isa = PBXFileReference; lastKnownFileType = image.png; path = 6267_asparagine.png; sourceTree = "<group>"; };
		908497CF266D79A5002644F6 /* 750_glycine.png */ = {isa = PBXFileReference; lastKnownFileType = image.png; path = 750_glycine.png; sourceTree = "<group>"; };
		908497D0266D79A5002644F6 /* 263_butan-1-ol.png */ = {isa = PBXFileReference; lastKnownFileType = image.png; path = "263_butan-1-ol.png"; sourceTree = "<group>"; };
		908497D3266D79A5002644F6 /* 5960_aspartic acid.png */ = {isa = PBXFileReference; lastKnownFileType = image.png; path = "5960_aspartic acid.png"; sourceTree = "<group>"; };
		908497D4266D79A5002644F6 /* 3672_ibuprofen.png */ = {isa = PBXFileReference; lastKnownFileType = image.png; path = 3672_ibuprofen.png; sourceTree = "<group>"; };
		908497D5266D79A5002644F6 /* 5951_serine.png */ = {isa = PBXFileReference; lastKnownFileType = image.png; path = 5951_serine.png; sourceTree = "<group>"; };
		908497D6266D79A5002644F6 /* 6276_pentan-1-ol.png */ = {isa = PBXFileReference; lastKnownFileType = image.png; path = "6276_pentan-1-ol.png"; sourceTree = "<group>"; };
		908497D7266D79A5002644F6 /* 6306_isoleucine.png */ = {isa = PBXFileReference; lastKnownFileType = image.png; path = 6306_isoleucine.png; sourceTree = "<group>"; };
		908497D9266D79A5002644F6 /* 5962_lysine.png */ = {isa = PBXFileReference; lastKnownFileType = image.png; path = 5962_lysine.png; sourceTree = "<group>"; };
		908497DA266D79A5002644F6 /* 702_ethanol.png */ = {isa = PBXFileReference; lastKnownFileType = image.png; path = 702_ethanol.png; sourceTree = "<group>"; };
		908497DD266D79A6002644F6 /* 602_alanine.png */ = {isa = PBXFileReference; lastKnownFileType = image.png; path = 602_alanine.png; sourceTree = "<group>"; };
		908497DE266D79A6002644F6 /* 6140_phenylalanine.png */ = {isa = PBXFileReference; lastKnownFileType = image.png; path = 6140_phenylalanine.png; sourceTree = "<group>"; };
		908497DF266D79A6002644F6 /* 6322_arginine.png */ = {isa = PBXFileReference; lastKnownFileType = image.png; path = 6322_arginine.png; sourceTree = "<group>"; };
		908497E0266D79A6002644F6 /* 6036_galactose.png */ = {isa = PBXFileReference; lastKnownFileType = image.png; path = 6036_galactose.png; sourceTree = "<group>"; };
		908497E1266D79A6002644F6 /* 33032_glutamic acid.png */ = {isa = PBXFileReference; lastKnownFileType = image.png; path = "33032_glutamic acid.png"; sourceTree = "<group>"; };
		908497E3266D79A6002644F6 /* 6057_tyrosine.png */ = {isa = PBXFileReference; lastKnownFileType = image.png; path = 6057_tyrosine.png; sourceTree = "<group>"; };
		908497E4266D79A6002644F6 /* 6255_maltose.png */ = {isa = PBXFileReference; lastKnownFileType = image.png; path = 6255_maltose.png; sourceTree = "<group>"; };
		908497E6266D79A6002644F6 /* 145742_proline.png */ = {isa = PBXFileReference; lastKnownFileType = image.png; path = 145742_proline.png; sourceTree = "<group>"; };
		908497E9266D79A6002644F6 /* 6288_threonine.png */ = {isa = PBXFileReference; lastKnownFileType = image.png; path = 6288_threonine.png; sourceTree = "<group>"; };
		908497EB266D79A6002644F6 /* 2244_aspirin.png */ = {isa = PBXFileReference; lastKnownFileType = image.png; path = 2244_aspirin.png; sourceTree = "<group>"; };
		908497ED266D79A7002644F6 /* 5862_cysteine.png */ = {isa = PBXFileReference; lastKnownFileType = image.png; path = 5862_cysteine.png; sourceTree = "<group>"; };
		908497EE266D79A7002644F6 /* 5988_sucrose.png */ = {isa = PBXFileReference; lastKnownFileType = image.png; path = 5988_sucrose.png; sourceTree = "<group>"; };
		908497EF266D79A7002644F6 /* 3776_propan-2-ol.png */ = {isa = PBXFileReference; lastKnownFileType = image.png; path = "3776_propan-2-ol.png"; sourceTree = "<group>"; };
		908497F0266D79A7002644F6 /* 2682_hexadecan-1-ol.png */ = {isa = PBXFileReference; lastKnownFileType = image.png; path = "2682_hexadecan-1-ol.png"; sourceTree = "<group>"; };
		908497F1266D79A7002644F6 /* 5793_glucose.png */ = {isa = PBXFileReference; lastKnownFileType = image.png; path = 5793_glucose.png; sourceTree = "<group>"; };
		908497F2266D79A7002644F6 /* 5961_glutamine.png */ = {isa = PBXFileReference; lastKnownFileType = image.png; path = 5961_glutamine.png; sourceTree = "<group>"; };
		908497F3266D79A7002644F6 /* 6106_leucine.png */ = {isa = PBXFileReference; lastKnownFileType = image.png; path = 6106_leucine.png; sourceTree = "<group>"; };
		908497F4266D79A7002644F6 /* 6137_methionine.png */ = {isa = PBXFileReference; lastKnownFileType = image.png; path = 6137_methionine.png; sourceTree = "<group>"; };
		908497F5266D79A7002644F6 /* 6287_valine.png */ = {isa = PBXFileReference; lastKnownFileType = image.png; path = 6287_valine.png; sourceTree = "<group>"; };
		908497F7266D79A7002644F6 /* 6305_tryptophan.png */ = {isa = PBXFileReference; lastKnownFileType = image.png; path = 6305_tryptophan.png; sourceTree = "<group>"; };
		908497FA266D79A7002644F6 /* 887_methanol.png */ = {isa = PBXFileReference; lastKnownFileType = image.png; path = 887_methanol.png; sourceTree = "<group>"; };
		9084982B266D79EF002644F6 /* RecordLoader.swift */ = {isa = PBXFileReference; lastKnownFileType = sourcecode.swift; path = RecordLoader.swift; sourceTree = "<group>"; };
		90863D772A58CDB800A9A7EB /* ConformerSceneView.swift */ = {isa = PBXFileReference; lastKnownFileType = sourcecode.swift; path = ConformerSceneView.swift; sourceTree = "<group>"; };
		9087E641271662F10097CFC6 /* Unit.swift */ = {isa = PBXFileReference; lastKnownFileType = sourcecode.swift; path = Unit.swift; sourceTree = "<group>"; };
		9087E643271663280097CFC6 /* AbsoluteRelative.swift */ = {isa = PBXFileReference; lastKnownFileType = sourcecode.swift; path = AbsoluteRelative.swift; sourceTree = "<group>"; };
		9089909D27149C5700DC3989 /* 962_water.png */ = {isa = PBXFileReference; lastKnownFileType = image.png; path = 962_water.png; sourceTree = "<group>"; };
		9089909F27149CB100DC3989 /* 5234_sodium chloride.png */ = {isa = PBXFileReference; lastKnownFileType = image.png; path = "5234_sodium chloride.png"; sourceTree = "<group>"; };
		908990A12714A6D400DC3989 /* DataMigrationView.swift */ = {isa = PBXFileReference; lastKnownFileType = sourcecode.swift; path = DataMigrationView.swift; sourceTree = "<group>"; };
		908990A32714BF9C00DC3989 /* FirstLaunchView.swift */ = {isa = PBXFileReference; lastKnownFileType = sourcecode.swift; path = FirstLaunchView.swift; sourceTree = "<group>"; };
		9089A0E82A5AF9CF00C14859 /* ConformerSceneHelper.swift */ = {isa = PBXFileReference; lastKnownFileType = sourcecode.swift; path = ConformerSceneHelper.swift; sourceTree = "<group>"; };
		908C70F82A4652AF00D6C9FA /* Settings.bundle */ = {isa = PBXFileReference; lastKnownFileType = "wrapper.plug-in"; path = Settings.bundle; sourceTree = "<group>"; };
		909031422EB7FA640068C492 /* SolutionIngradientData.swift */ = {isa = PBXFileReference; lastKnownFileType = sourcecode.swift; path = SolutionIngradientData.swift; sourceTree = "<group>"; };
		909AE6A5200CF2F000FEE529 /* SearchPubChem.app */ = {isa = PBXFileReference; explicitFileType = wrapper.application; includeInIndex = 0; path = SearchPubChem.app; sourceTree = BUILT_PRODUCTS_DIR; };
		909AE6B2200CF2F000FEE529 /* Base */ = {isa = PBXFileReference; lastKnownFileType = file.storyboard; name = Base; path = Base.lproj/LaunchScreen.storyboard; sourceTree = "<group>"; };
		909AE6B4200CF2F000FEE529 /* Info.plist */ = {isa = PBXFileReference; lastKnownFileType = text.plist.xml; path = Info.plist; sourceTree = "<group>"; };
		909AE6B9200CF2F000FEE529 /* SearchPubChemTests.xctest */ = {isa = PBXFileReference; explicitFileType = wrapper.cfbundle; includeInIndex = 0; path = SearchPubChemTests.xctest; sourceTree = BUILT_PRODUCTS_DIR; };
		909AE6BD200CF2F000FEE529 /* SearchPubChemTests.swift */ = {isa = PBXFileReference; lastKnownFileType = sourcecode.swift; path = SearchPubChemTests.swift; sourceTree = "<group>"; };
		909AE6BF200CF2F000FEE529 /* Info.plist */ = {isa = PBXFileReference; lastKnownFileType = text.plist.xml; path = Info.plist; sourceTree = "<group>"; };
		909AE6C4200CF2F000FEE529 /* SearchPubChemUITests.xctest */ = {isa = PBXFileReference; explicitFileType = wrapper.cfbundle; includeInIndex = 0; path = SearchPubChemUITests.xctest; sourceTree = BUILT_PRODUCTS_DIR; };
		909AE6C8200CF2F000FEE529 /* SearchPubChemUITests.swift */ = {isa = PBXFileReference; lastKnownFileType = sourcecode.swift; path = SearchPubChemUITests.swift; sourceTree = "<group>"; };
		909AE6CA200CF2F000FEE529 /* Info.plist */ = {isa = PBXFileReference; lastKnownFileType = text.plist.xml; path = Info.plist; sourceTree = "<group>"; };
		90A09DE424B124EA0089C6C0 /* CompoundDTO.swift */ = {isa = PBXFileReference; lastKnownFileType = sourcecode.swift; path = CompoundDTO.swift; sourceTree = "<group>"; };
		90A28687204638ED00FF796A /* PubChemSearchConstants.swift */ = {isa = PBXFileReference; lastKnownFileType = sourcecode.swift; path = PubChemSearchConstants.swift; sourceTree = "<group>"; };
		90AE0821271B29E700DB7846 /* SceneKitView.swift */ = {isa = PBXFileReference; lastKnownFileType = sourcecode.swift; path = SceneKitView.swift; sourceTree = "<group>"; };
		90AE0823271B4B1400DB7846 /* ConformerView.swift */ = {isa = PBXFileReference; lastKnownFileType = sourcecode.swift; path = ConformerView.swift; sourceTree = "<group>"; };
		90AE84CE271097C700470E1B /* ShareActivityView.swift */ = {isa = PBXFileReference; lastKnownFileType = sourcecode.swift; path = ShareActivityView.swift; sourceTree = "<group>"; };
		90AE84D02710A46800470E1B /* SolutionMigrationPolicy.swift */ = {isa = PBXFileReference; lastKnownFileType = sourcecode.swift; path = SolutionMigrationPolicy.swift; sourceTree = "<group>"; };
		90B12C40271333EF00EF065D /* DataMigrator.swift */ = {isa = PBXFileReference; lastKnownFileType = sourcecode.swift; path = DataMigrator.swift; sourceTree = "<group>"; };
		90B12C42271373EE00EF065D /* MappingModel.xcmappingmodel */ = {isa = PBXFileReference; lastKnownFileType = wrapper.xcmappingmodel; path = MappingModel.xcmappingmodel; sourceTree = "<group>"; };
		90C008A92309A5020057217E /* PubChemSolution v2.xcdatamodel */ = {isa = PBXFileReference; lastKnownFileType = wrapper.xcdatamodel; path = "PubChemSolution v2.xcdatamodel"; sourceTree = "<group>"; };
		90C008AA2309A60C0057217E /* ConformerEntity+Extensions.swift */ = {isa = PBXFileReference; lastKnownFileType = sourcecode.swift; path = "ConformerEntity+Extensions.swift"; sourceTree = "<group>"; };
		90C18BAB2649ECC60036C0DE /* PubChemSolution v3.xcdatamodel */ = {isa = PBXFileReference; lastKnownFileType = wrapper.xcdatamodel; path = "PubChemSolution v3.xcdatamodel"; sourceTree = "<group>"; };
		90C18BAC2649ED950036C0DE /* CompoundTag+Extensions.swift */ = {isa = PBXFileReference; lastKnownFileType = sourcecode.swift; path = "CompoundTag+Extensions.swift"; sourceTree = "<group>"; };
		90C2FF7424B6946D00C33F4C /* ConformerDTO.swift */ = {isa = PBXFileReference; lastKnownFileType = sourcecode.swift; path = ConformerDTO.swift; sourceTree = "<group>"; };
		90C9C21824CF969E00E247BE /* WebKit.framework */ = {isa = PBXFileReference; lastKnownFileType = wrapper.framework; name = WebKit.framework; path = System/Library/Frameworks/WebKit.framework; sourceTree = SDKROOT; };
		90C9EAD426506B5E0004CA43 /* RecordDumper.swift */ = {isa = PBXFileReference; lastKnownFileType = sourcecode.swift; path = RecordDumper.swift; sourceTree = "<group>"; };
		90CE069322E4EFBF0054E7C2 /* Conformer.swift */ = {isa = PBXFileReference; lastKnownFileType = sourcecode.swift; path = Conformer.swift; sourceTree = "<group>"; };
		90CE069522E4F0250054E7C2 /* Element.swift */ = {isa = PBXFileReference; lastKnownFileType = sourcecode.swift; path = Element.swift; sourceTree = "<group>"; };
		90CE069722E4F2220054E7C2 /* Atom.swift */ = {isa = PBXFileReference; lastKnownFileType = sourcecode.swift; path = Atom.swift; sourceTree = "<group>"; };
		90CEBE912EAD3DE600020608 /* SearchPubChemError.swift */ = {isa = PBXFileReference; lastKnownFileType = sourcecode.swift; path = SearchPubChemError.swift; sourceTree = "<group>"; };
		90D4F7472651616D0082CFAE /* Compounds.swift */ = {isa = PBXFileReference; lastKnownFileType = sourcecode.swift; path = Compounds.swift; sourceTree = "<group>"; };
		90D4F7492651687A0082CFAE /* CompoundTagDTO.swift */ = {isa = PBXFileReference; lastKnownFileType = sourcecode.swift; path = CompoundTagDTO.swift; sourceTree = "<group>"; };
		90D4F74B26516D540082CFAE /* CompoundWrapper.swift */ = {isa = PBXFileReference; lastKnownFileType = sourcecode.swift; path = CompoundWrapper.swift; sourceTree = "<group>"; };
		90D58EF4270F8FC500C626A2 /* PubChemSolution v4.xcdatamodel */ = {isa = PBXFileReference; lastKnownFileType = wrapper.xcdatamodel; path = "PubChemSolution v4.xcdatamodel"; sourceTree = "<group>"; };
		90D58EF5270FAB0600C626A2 /* SolutionIngradientDTO.swift */ = {isa = PBXFileReference; lastKnownFileType = sourcecode.swift; path = SolutionIngradientDTO.swift; sourceTree = "<group>"; };
		90D8B019270D014500C81750 /* SelectTagsView.swift */ = {isa = PBXFileReference; lastKnownFileType = sourcecode.swift; path = SelectTagsView.swift; sourceTree = "<group>"; };
		90D8B01B270E1C2500C81750 /* AddCompoundView.swift */ = {isa = PBXFileReference; lastKnownFileType = sourcecode.swift; path = AddCompoundView.swift; sourceTree = "<group>"; };
		90D8B01D270E1E0900C81750 /* SearchPubChemViewModel.swift */ = {isa = PBXFileReference; lastKnownFileType = sourcecode.swift; path = SearchPubChemViewModel.swift; sourceTree = "<group>"; };
		90D8B020270E1EEF00C81750 /* SearchType.swift */ = {isa = PBXFileReference; lastKnownFileType = sourcecode.swift; path = SearchType.swift; sourceTree = "<group>"; };
		90D8B022270E459300C81750 /* SolutionListView.swift */ = {isa = PBXFileReference; lastKnownFileType = sourcecode.swift; path = SolutionListView.swift; sourceTree = "<group>"; };
		90D8B026270E501F00C81750 /* ContentView.swift */ = {isa = PBXFileReference; lastKnownFileType = sourcecode.swift; path = ContentView.swift; sourceTree = "<group>"; };
		90D8B028270E51AD00C81750 /* SearchPubChemApp.swift */ = {isa = PBXFileReference; lastKnownFileType = sourcecode.swift; path = SearchPubChemApp.swift; sourceTree = "<group>"; };
		90D8B02A270E620200C81750 /* MakeSolutionView.swift */ = {isa = PBXFileReference; lastKnownFileType = sourcecode.swift; path = MakeSolutionView.swift; sourceTree = "<group>"; };
		90E010CC270A1A8B004A2401 /* SearchPubChem.entitlements */ = {isa = PBXFileReference; lastKnownFileType = text.plist.entitlements; path = SearchPubChem.entitlements; sourceTree = "<group>"; };
		90E010CD270A1A8F004A2401 /* CloudKit.framework */ = {isa = PBXFileReference; lastKnownFileType = wrapper.framework; name = CloudKit.framework; path = System/Library/Frameworks/CloudKit.framework; sourceTree = SDKROOT; };
		90E010D2270A2941004A2401 /* CompoundListView.swift */ = {isa = PBXFileReference; lastKnownFileType = sourcecode.swift; path = CompoundListView.swift; sourceTree = "<group>"; };
		90E010D4270A2A71004A2401 /* CompoundDetailView.swift */ = {isa = PBXFileReference; lastKnownFileType = sourcecode.swift; path = CompoundDetailView.swift; sourceTree = "<group>"; };
		90E010D8270A54C9004A2401 /* SolutionDetailView.swift */ = {isa = PBXFileReference; lastKnownFileType = sourcecode.swift; path = SolutionDetailView.swift; sourceTree = "<group>"; };
		90E19504270B782200B8196A /* CompoundMiniDetailView.swift */ = {isa = PBXFileReference; lastKnownFileType = sourcecode.swift; path = CompoundMiniDetailView.swift; sourceTree = "<group>"; };
		90E19506270BB00300B8196A /* CompoundTagView.swift */ = {isa = PBXFileReference; lastKnownFileType = sourcecode.swift; path = CompoundTagView.swift; sourceTree = "<group>"; };
		90E19508270BCBBC00B8196A /* SelectCompoundsView.swift */ = {isa = PBXFileReference; lastKnownFileType = sourcecode.swift; path = SelectCompoundsView.swift; sourceTree = "<group>"; };
		90E8111B2EA8483300358E9B /* AppIcon_iOS26.icon */ = {isa = PBXFileReference; lastKnownFileType = folder.iconcomposer.icon; path = AppIcon_iOS26.icon; sourceTree = "<group>"; };
		90EB2E2727271B4300C654BB /* TabItem.swift */ = {isa = PBXFileReference; lastKnownFileType = sourcecode.swift; path = TabItem.swift; sourceTree = "<group>"; };
		90EB2E2927271E6B00C654BB /* Action.swift */ = {isa = PBXFileReference; lastKnownFileType = sourcecode.swift; path = Action.swift; sourceTree = "<group>"; };
		90EB2E2C27275CBA00C654BB /* RoundedBackgroundRectangle.swift */ = {isa = PBXFileReference; lastKnownFileType = sourcecode.swift; path = RoundedBackgroundRectangle.swift; sourceTree = "<group>"; };
/* End PBXFileReference section */

/* Begin PBXFrameworksBuildPhase section */
		902B077F286107AE004D9DF0 /* Frameworks */ = {
			isa = PBXFrameworksBuildPhase;
			buildActionMask = 2147483647;
			files = (
				902B0786286107AE004D9DF0 /* SwiftUI.framework in Frameworks */,
				902B0784286107AE004D9DF0 /* WidgetKit.framework in Frameworks */,
			);
			runOnlyForDeploymentPostprocessing = 0;
		};
		909AE6A2200CF2F000FEE529 /* Frameworks */ = {
			isa = PBXFrameworksBuildPhase;
			buildActionMask = 2147483647;
			files = (
				90E6E110285F7AF5007B6933 /* Persistence in Frameworks */,
				90C9C21924CF969E00E247BE /* WebKit.framework in Frameworks */,
				90E010CE270A1A8F004A2401 /* CloudKit.framework in Frameworks */,
			);
			runOnlyForDeploymentPostprocessing = 0;
		};
		909AE6B6200CF2F000FEE529 /* Frameworks */ = {
			isa = PBXFrameworksBuildPhase;
			buildActionMask = 2147483647;
			files = (
			);
			runOnlyForDeploymentPostprocessing = 0;
		};
		909AE6C1200CF2F000FEE529 /* Frameworks */ = {
			isa = PBXFrameworksBuildPhase;
			buildActionMask = 2147483647;
			files = (
			);
			runOnlyForDeploymentPostprocessing = 0;
		};
/* End PBXFrameworksBuildPhase section */

/* Begin PBXGroup section */
		902B0787286107AE004D9DF0 /* SearchPubChemWidgetExtension */ = {
			isa = PBXGroup;
			children = (
				902B0788286107AE004D9DF0 /* SearchPubChemWidgetExtension.swift */,
				902B078A286107B1004D9DF0 /* Assets.xcassets */,
				902B078C286107B2004D9DF0 /* Info.plist */,
				902B079828610AE9004D9DF0 /* WidgetEntryView.swift */,
				902B079B28610BFC004D9DF0 /* Provider.swift */,
			);
			path = SearchPubChemWidgetExtension;
			sourceTree = "<group>";
		};
		90725F992042173B0083E1FC /* Managed Object Extensions */ = {
			isa = PBXGroup;
			children = (
				9062E67B23411DAB0039C136 /* AtomEntity+Extensions.swift */,
				90725F9A204217540083E1FC /* Compound+Extensions.swift */,
				90C18BAC2649ED950036C0DE /* CompoundTag+Extensions.swift */,
				90C008AA2309A60C0057217E /* ConformerEntity+Extensions.swift */,
				90725F9C204217830083E1FC /* Solution+Extensions.swift */,
			);
			path = "Managed Object Extensions";
			sourceTree = "<group>";
		};
		908497C7266D76C0002644F6 /* Resources */ = {
			isa = PBXGroup;
			children = (
				908497CA266D7997002644F6 /* images */,
				908497C8266D76D2002644F6 /* records.json */,
			);
			path = Resources;
			sourceTree = "<group>";
		};
		908497CA266D7997002644F6 /* images */ = {
			isa = PBXGroup;
			children = (
				908497D0266D79A5002644F6 /* 263_butan-1-ol.png */,
				908497DD266D79A6002644F6 /* 602_alanine.png */,
				908497DA266D79A5002644F6 /* 702_ethanol.png */,
				908497CF266D79A5002644F6 /* 750_glycine.png */,
				908497FA266D79A7002644F6 /* 887_methanol.png */,
				9089909D27149C5700DC3989 /* 962_water.png */,
				908497EB266D79A6002644F6 /* 2244_aspirin.png */,
				908497F0266D79A7002644F6 /* 2682_hexadecan-1-ol.png */,
				908497D4266D79A5002644F6 /* 3672_ibuprofen.png */,
				908497EF266D79A7002644F6 /* 3776_propan-2-ol.png */,
				9089909F27149CB100DC3989 /* 5234_sodium chloride.png */,
				908497F1266D79A7002644F6 /* 5793_glucose.png */,
				908497ED266D79A7002644F6 /* 5862_cysteine.png */,
				908497D5266D79A5002644F6 /* 5951_serine.png */,
				908497D3266D79A5002644F6 /* 5960_aspartic acid.png */,
				908497F2266D79A7002644F6 /* 5961_glutamine.png */,
				908497D9266D79A5002644F6 /* 5962_lysine.png */,
				908497EE266D79A7002644F6 /* 5988_sucrose.png */,
				908497E0266D79A6002644F6 /* 6036_galactose.png */,
				908497E3266D79A6002644F6 /* 6057_tyrosine.png */,
				908497F3266D79A7002644F6 /* 6106_leucine.png */,
				908497CB266D79A5002644F6 /* 6134_lactose.png */,
				908497F4266D79A7002644F6 /* 6137_methionine.png */,
				908497DE266D79A6002644F6 /* 6140_phenylalanine.png */,
				908497E4266D79A6002644F6 /* 6255_maltose.png */,
				908497CE266D79A5002644F6 /* 6267_asparagine.png */,
				908497CC266D79A5002644F6 /* 6274_histidine.png */,
				908497D6266D79A5002644F6 /* 6276_pentan-1-ol.png */,
				908497F5266D79A7002644F6 /* 6287_valine.png */,
				908497E9266D79A6002644F6 /* 6288_threonine.png */,
				908497F7266D79A7002644F6 /* 6305_tryptophan.png */,
				908497D7266D79A5002644F6 /* 6306_isoleucine.png */,
				908497DF266D79A6002644F6 /* 6322_arginine.png */,
				908497E1266D79A6002644F6 /* 33032_glutamic acid.png */,
				908497E6266D79A6002644F6 /* 145742_proline.png */,
				908497CD266D79A5002644F6 /* 2723872_fructose.png */,
			);
			path = images;
			sourceTree = "<group>";
		};
		908A90F724BB959C008DDCFA /* PubChemDownloader */ = {
			isa = PBXGroup;
			children = (
				90D8B020270E1EEF00C81750 /* SearchType.swift */,
				907730B82A50DD8E003AA5A8 /* PubChemDownloader.swift */,
				907730BA2A50E048003AA5A8 /* PubChemDownloadError.swift */,
				907AB0F52A51C50700922EF0 /* PubChemDownloading.swift */,
				90A09DE424B124EA0089C6C0 /* CompoundDTO.swift */,
				90C2FF7424B6946D00C33F4C /* ConformerDTO.swift */,
				90A28687204638ED00FF796A /* PubChemSearchConstants.swift */,
				90C9EAD426506B5E0004CA43 /* RecordDumper.swift */,
				90D4F7472651616D0082CFAE /* Compounds.swift */,
				90D4F7492651687A0082CFAE /* CompoundTagDTO.swift */,
				90D4F74B26516D540082CFAE /* CompoundWrapper.swift */,
				9084982B266D79EF002644F6 /* RecordLoader.swift */,
			);
			path = PubChemDownloader;
			sourceTree = "<group>";
		};
		909AE69C200CF2F000FEE529 = {
			isa = PBXGroup;
			children = (
				908C70F82A4652AF00D6C9FA /* Settings.bundle */,
				902B0790286107B2004D9DF0 /* SearchPubChemWidgetExtensionExtension.entitlements */,
				908497C7266D76C0002644F6 /* Resources */,
				90A0DCF0201D0FFC0059D7CC /* Model */,
				909AE6A7200CF2F000FEE529 /* SearchPubChem */,
				909AE6BC200CF2F000FEE529 /* SearchPubChemTests */,
				909AE6C7200CF2F000FEE529 /* SearchPubChemUITests */,
				902B0787286107AE004D9DF0 /* SearchPubChemWidgetExtension */,
				909AE6A6200CF2F000FEE529 /* Products */,
				90C9C21724CF969E00E247BE /* Frameworks */,
			);
			sourceTree = "<group>";
		};
		909AE6A6200CF2F000FEE529 /* Products */ = {
			isa = PBXGroup;
			children = (
				909AE6A5200CF2F000FEE529 /* SearchPubChem.app */,
				909AE6B9200CF2F000FEE529 /* SearchPubChemTests.xctest */,
				909AE6C4200CF2F000FEE529 /* SearchPubChemUITests.xctest */,
				902B0782286107AE004D9DF0 /* SearchPubChemWidgetExtensionExtension.appex */,
			);
			name = Products;
			sourceTree = "<group>";
		};
		909AE6A7200CF2F000FEE529 /* SearchPubChem */ = {
			isa = PBXGroup;
			children = (
				90D8B01F270E1E6000C81750 /* ViewModel */,
				90E010D1270A2769004A2401 /* Views */,
				90E010CC270A1A8B004A2401 /* SearchPubChem.entitlements */,
				908A90F724BB959C008DDCFA /* PubChemDownloader */,
				90B4384C2352A5EF001A7B5E /* Conformer */,
				90D8B026270E501F00C81750 /* ContentView.swift */,
				90D8B028270E51AD00C81750 /* SearchPubChemApp.swift */,
				909AE6B1200CF2F000FEE529 /* LaunchScreen.storyboard */,
				902DFADC2027636B001E2AD6 /* Assets.xcassets */,
				90E8111B2EA8483300358E9B /* AppIcon_iOS26.icon */,
				909AE6B4200CF2F000FEE529 /* Info.plist */,
				90EB2E2727271B4300C654BB /* TabItem.swift */,
				90EB2E2927271E6B00C654BB /* Action.swift */,
				903140FC283EE71600A72350 /* SearchPubChemConstants.swift */,
				902B077C2861021D004D9DF0 /* AppDelegate.swift */,
				902B079528610833004D9DF0 /* WidgetEntry.swift */,
			);
			path = SearchPubChem;
			sourceTree = "<group>";
		};
		909AE6BC200CF2F000FEE529 /* SearchPubChemTests */ = {
			isa = PBXGroup;
			children = (
				909AE6BD200CF2F000FEE529 /* SearchPubChemTests.swift */,
				909AE6BF200CF2F000FEE529 /* Info.plist */,
			);
			path = SearchPubChemTests;
			sourceTree = "<group>";
		};
		909AE6C7200CF2F000FEE529 /* SearchPubChemUITests */ = {
			isa = PBXGroup;
			children = (
				909AE6C8200CF2F000FEE529 /* SearchPubChemUITests.swift */,
				909AE6CA200CF2F000FEE529 /* Info.plist */,
			);
			path = SearchPubChemUITests;
			sourceTree = "<group>";
		};
		90A0DCF0201D0FFC0059D7CC /* Model */ = {
			isa = PBXGroup;
			children = (
				90B12C42271373EE00EF065D /* MappingModel.xcmappingmodel */,
				90AE84D02710A46800470E1B /* SolutionMigrationPolicy.swift */,
				90725F992042173B0083E1FC /* Managed Object Extensions */,
				90B12C40271333EF00EF065D /* DataMigrator.swift */,
				9081A37E201BEEB800A1FECC /* PubChemSolution.xcdatamodeld */,
			);
			path = Model;
			sourceTree = "<group>";
		};
		90B4384C2352A5EF001A7B5E /* Conformer */ = {
			isa = PBXGroup;
			children = (
				90CE069322E4EFBF0054E7C2 /* Conformer.swift */,
				90CE069722E4F2220054E7C2 /* Atom.swift */,
				90CE069522E4F0250054E7C2 /* Element.swift */,
				9065BF5A22EE2F7400350083 /* Elements.swift */,
			);
			path = Conformer;
			sourceTree = "<group>";
		};
		90C9C21724CF969E00E247BE /* Frameworks */ = {
			isa = PBXGroup;
			children = (
				90E010CD270A1A8F004A2401 /* CloudKit.framework */,
				90C9C21824CF969E00E247BE /* WebKit.framework */,
				902B0783286107AE004D9DF0 /* WidgetKit.framework */,
				902B0785286107AE004D9DF0 /* SwiftUI.framework */,
			);
			name = Frameworks;
			sourceTree = "<group>";
		};
		90D8B01F270E1E6000C81750 /* ViewModel */ = {
			isa = PBXGroup;
			children = (
				90CEBE912EAD3DE600020608 /* SearchPubChemError.swift */,
				90D8B01D270E1E0900C81750 /* SearchPubChemViewModel.swift */,
				90D58EF5270FAB0600C626A2 /* SolutionIngradientDTO.swift */,
				9087E641271662F10097CFC6 /* Unit.swift */,
				9087E643271663280097CFC6 /* AbsoluteRelative.swift */,
				907AE1C32A40D6F5003D88A5 /* SearchPubChemSpotlightDelegate.swift */,
				907AB0F72A52306E00922EF0 /* PersistenceHelper.swift */,
				9089A0E82A5AF9CF00C14859 /* ConformerSceneHelper.swift */,
				909031422EB7FA640068C492 /* SolutionIngradientData.swift */,
			);
			path = ViewModel;
			sourceTree = "<group>";
		};
		90E010D1270A2769004A2401 /* Views */ = {
			isa = PBXGroup;
			children = (
				90EB2E2B27275C8B00C654BB /* ViewModifiers */,
				90D8B01B270E1C2500C81750 /* AddCompoundView.swift */,
				90E010D4270A2A71004A2401 /* CompoundDetailView.swift */,
				90E010D2270A2941004A2401 /* CompoundListView.swift */,
				90E19504270B782200B8196A /* CompoundMiniDetailView.swift */,
				90E19506270BB00300B8196A /* CompoundTagView.swift */,
				90E19508270BCBBC00B8196A /* SelectCompoundsView.swift */,
				90D8B019270D014500C81750 /* SelectTagsView.swift */,
				90E010D8270A54C9004A2401 /* SolutionDetailView.swift */,
				90D8B022270E459300C81750 /* SolutionListView.swift */,
				90D8B02A270E620200C81750 /* MakeSolutionView.swift */,
				90AE84CE271097C700470E1B /* ShareActivityView.swift */,
				908990A12714A6D400DC3989 /* DataMigrationView.swift */,
				908990A32714BF9C00DC3989 /* FirstLaunchView.swift */,
				90AE0821271B29E700DB7846 /* SceneKitView.swift */,
				90AE0823271B4B1400DB7846 /* ConformerView.swift */,
				90863D772A58CDB800A9A7EB /* ConformerSceneView.swift */,
			);
			path = Views;
			sourceTree = "<group>";
		};
		90EB2E2B27275C8B00C654BB /* ViewModifiers */ = {
			isa = PBXGroup;
			children = (
				90EB2E2C27275CBA00C654BB /* RoundedBackgroundRectangle.swift */,
			);
			path = ViewModifiers;
			sourceTree = "<group>";
		};
/* End PBXGroup section */

/* Begin PBXNativeTarget section */
		902B0781286107AE004D9DF0 /* SearchPubChemWidgetExtensionExtension */ = {
			isa = PBXNativeTarget;
			buildConfigurationList = 902B0791286107B2004D9DF0 /* Build configuration list for PBXNativeTarget "SearchPubChemWidgetExtensionExtension" */;
			buildPhases = (
				902B077E286107AE004D9DF0 /* Sources */,
				902B077F286107AE004D9DF0 /* Frameworks */,
				902B0780286107AE004D9DF0 /* Resources */,
			);
			buildRules = (
			);
			dependencies = (
			);
			name = SearchPubChemWidgetExtensionExtension;
			productName = SearchPubChemWidgetExtensionExtension;
			productReference = 902B0782286107AE004D9DF0 /* SearchPubChemWidgetExtensionExtension.appex */;
			productType = "com.apple.product-type.app-extension";
		};
		909AE6A4200CF2F000FEE529 /* SearchPubChem */ = {
			isa = PBXNativeTarget;
			buildConfigurationList = 909AE6CD200CF2F000FEE529 /* Build configuration list for PBXNativeTarget "SearchPubChem" */;
			buildPhases = (
				909AE6A1200CF2F000FEE529 /* Sources */,
				909AE6A2200CF2F000FEE529 /* Frameworks */,
				909AE6A3200CF2F000FEE529 /* Resources */,
				902B0794286107B2004D9DF0 /* Embed Foundation Extensions */,
			);
			buildRules = (
			);
			dependencies = (
				902B078E286107B2004D9DF0 /* PBXTargetDependency */,
			);
			name = SearchPubChem;
			packageProductDependencies = (
				90E6E10F285F7AF5007B6933 /* Persistence */,
			);
			productName = SearchPubChem;
			productReference = 909AE6A5200CF2F000FEE529 /* SearchPubChem.app */;
			productType = "com.apple.product-type.application";
		};
		909AE6B8200CF2F000FEE529 /* SearchPubChemTests */ = {
			isa = PBXNativeTarget;
			buildConfigurationList = 909AE6D0200CF2F000FEE529 /* Build configuration list for PBXNativeTarget "SearchPubChemTests" */;
			buildPhases = (
				909AE6B5200CF2F000FEE529 /* Sources */,
				909AE6B6200CF2F000FEE529 /* Frameworks */,
				909AE6B7200CF2F000FEE529 /* Resources */,
			);
			buildRules = (
			);
			dependencies = (
				909AE6BB200CF2F000FEE529 /* PBXTargetDependency */,
			);
			name = SearchPubChemTests;
			productName = SearchPubChemTests;
			productReference = 909AE6B9200CF2F000FEE529 /* SearchPubChemTests.xctest */;
			productType = "com.apple.product-type.bundle.unit-test";
		};
		909AE6C3200CF2F000FEE529 /* SearchPubChemUITests */ = {
			isa = PBXNativeTarget;
			buildConfigurationList = 909AE6D3200CF2F000FEE529 /* Build configuration list for PBXNativeTarget "SearchPubChemUITests" */;
			buildPhases = (
				909AE6C0200CF2F000FEE529 /* Sources */,
				909AE6C1200CF2F000FEE529 /* Frameworks */,
				909AE6C2200CF2F000FEE529 /* Resources */,
			);
			buildRules = (
			);
			dependencies = (
				909AE6C6200CF2F000FEE529 /* PBXTargetDependency */,
			);
			name = SearchPubChemUITests;
			productName = SearchPubChemUITests;
			productReference = 909AE6C4200CF2F000FEE529 /* SearchPubChemUITests.xctest */;
			productType = "com.apple.product-type.bundle.ui-testing";
		};
/* End PBXNativeTarget section */

/* Begin PBXProject section */
		909AE69D200CF2F000FEE529 /* Project object */ = {
			isa = PBXProject;
			attributes = {
				BuildIndependentTargetsInParallel = YES;
				LastSwiftUpdateCheck = 1340;
				LastUpgradeCheck = 2600;
				ORGANIZATIONNAME = "Jae Seung Lee";
				TargetAttributes = {
					902B0781286107AE004D9DF0 = {
						CreatedOnToolsVersion = 13.4.1;
					};
					909AE6A4200CF2F000FEE529 = {
						CreatedOnToolsVersion = 9.2;
						LastSwiftMigration = 1020;
						ProvisioningStyle = Automatic;
					};
					909AE6B8200CF2F000FEE529 = {
						CreatedOnToolsVersion = 9.2;
						LastSwiftMigration = 1020;
						ProvisioningStyle = Automatic;
						TestTargetID = 909AE6A4200CF2F000FEE529;
					};
					909AE6C3200CF2F000FEE529 = {
						CreatedOnToolsVersion = 9.2;
						LastSwiftMigration = 1020;
						ProvisioningStyle = Automatic;
						TestTargetID = 909AE6A4200CF2F000FEE529;
					};
				};
			};
			buildConfigurationList = 909AE6A0200CF2F000FEE529 /* Build configuration list for PBXProject "SearchPubChem" */;
			compatibilityVersion = "Xcode 8.0";
			developmentRegion = en;
			hasScannedForEncodings = 0;
			knownRegions = (
				en,
				Base,
			);
			mainGroup = 909AE69C200CF2F000FEE529;
			packageReferences = (
				90E6E10E285F7AF5007B6933 /* XCRemoteSwiftPackageReference "PersistenceSwift" */,
			);
			productRefGroup = 909AE6A6200CF2F000FEE529 /* Products */;
			projectDirPath = "";
			projectRoot = "";
			targets = (
				909AE6A4200CF2F000FEE529 /* SearchPubChem */,
				909AE6B8200CF2F000FEE529 /* SearchPubChemTests */,
				909AE6C3200CF2F000FEE529 /* SearchPubChemUITests */,
				902B0781286107AE004D9DF0 /* SearchPubChemWidgetExtensionExtension */,
			);
		};
/* End PBXProject section */

/* Begin PBXResourcesBuildPhase section */
		902B0780286107AE004D9DF0 /* Resources */ = {
			isa = PBXResourcesBuildPhase;
			buildActionMask = 2147483647;
			files = (
				902B078B286107B2004D9DF0 /* Assets.xcassets in Resources */,
			);
			runOnlyForDeploymentPostprocessing = 0;
		};
		909AE6A3200CF2F000FEE529 /* Resources */ = {
			isa = PBXResourcesBuildPhase;
			buildActionMask = 2147483647;
			files = (
				90849813266D79A7002644F6 /* 6057_tyrosine.png in Resources */,
				9084981B266D79A7002644F6 /* 2244_aspirin.png in Resources */,
				90849807266D79A7002644F6 /* 6306_isoleucine.png in Resources */,
				9084982A266D79A7002644F6 /* 887_methanol.png in Resources */,
				9089909E27149C5700DC3989 /* 962_water.png in Resources */,
				9084980F266D79A7002644F6 /* 6322_arginine.png in Resources */,
				90849810266D79A7002644F6 /* 6036_galactose.png in Resources */,
				90849809266D79A7002644F6 /* 5962_lysine.png in Resources */,
				9084981D266D79A7002644F6 /* 5862_cysteine.png in Resources */,
				90849822266D79A7002644F6 /* 5961_glutamine.png in Resources */,
				90849804266D79A7002644F6 /* 3672_ibuprofen.png in Resources */,
				9084980A266D79A7002644F6 /* 702_ethanol.png in Resources */,
				9084981F266D79A7002644F6 /* 3776_propan-2-ol.png in Resources */,
				90849827266D79A7002644F6 /* 6305_tryptophan.png in Resources */,
				90849825266D79A7002644F6 /* 6287_valine.png in Resources */,
				908497FC266D79A7002644F6 /* 6274_histidine.png in Resources */,
				9084981E266D79A7002644F6 /* 5988_sucrose.png in Resources */,
				90849814266D79A7002644F6 /* 6255_maltose.png in Resources */,
				9084980D266D79A7002644F6 /* 602_alanine.png in Resources */,
				90849816266D79A7002644F6 /* 145742_proline.png in Resources */,
				9084980E266D79A7002644F6 /* 6140_phenylalanine.png in Resources */,
				90849806266D79A7002644F6 /* 6276_pentan-1-ol.png in Resources */,
				908497FD266D79A7002644F6 /* 2723872_fructose.png in Resources */,
				909AE6B3200CF2F000FEE529 /* LaunchScreen.storyboard in Resources */,
				902DFADD2027636B001E2AD6 /* Assets.xcassets in Resources */,
				90849803266D79A7002644F6 /* 5960_aspartic acid.png in Resources */,
				908497FB266D79A7002644F6 /* 6134_lactose.png in Resources */,
				90849821266D79A7002644F6 /* 5793_glucose.png in Resources */,
				908497C9266D76D2002644F6 /* records.json in Resources */,
				90849820266D79A7002644F6 /* 2682_hexadecan-1-ol.png in Resources */,
				90849824266D79A7002644F6 /* 6137_methionine.png in Resources */,
				90E8111C2EA8483300358E9B /* AppIcon_iOS26.icon in Resources */,
				90849811266D79A7002644F6 /* 33032_glutamic acid.png in Resources */,
				907327652A47774100B0A8DA /* Settings.bundle in Resources */,
				908990A027149CB100DC3989 /* 5234_sodium chloride.png in Resources */,
				908497FF266D79A7002644F6 /* 750_glycine.png in Resources */,
				90849819266D79A7002644F6 /* 6288_threonine.png in Resources */,
				908497FE266D79A7002644F6 /* 6267_asparagine.png in Resources */,
				90849800266D79A7002644F6 /* 263_butan-1-ol.png in Resources */,
				90849823266D79A7002644F6 /* 6106_leucine.png in Resources */,
				90849805266D79A7002644F6 /* 5951_serine.png in Resources */,
			);
			runOnlyForDeploymentPostprocessing = 0;
		};
		909AE6B7200CF2F000FEE529 /* Resources */ = {
			isa = PBXResourcesBuildPhase;
			buildActionMask = 2147483647;
			files = (
			);
			runOnlyForDeploymentPostprocessing = 0;
		};
		909AE6C2200CF2F000FEE529 /* Resources */ = {
			isa = PBXResourcesBuildPhase;
			buildActionMask = 2147483647;
			files = (
			);
			runOnlyForDeploymentPostprocessing = 0;
		};
/* End PBXResourcesBuildPhase section */

/* Begin PBXSourcesBuildPhase section */
		902B077E286107AE004D9DF0 /* Sources */ = {
			isa = PBXSourcesBuildPhase;
			buildActionMask = 2147483647;
			files = (
				902B079D28610C06004D9DF0 /* Provider.swift in Sources */,
				902B079A28610B0B004D9DF0 /* SearchPubChemConstants.swift in Sources */,
				902B07972861083D004D9DF0 /* WidgetEntry.swift in Sources */,
				902B0789286107AE004D9DF0 /* SearchPubChemWidgetExtension.swift in Sources */,
				902B079E28610C0C004D9DF0 /* WidgetEntryView.swift in Sources */,
			);
			runOnlyForDeploymentPostprocessing = 0;
		};
		909AE6A1200CF2F000FEE529 /* Sources */ = {
			isa = PBXSourcesBuildPhase;
			buildActionMask = 2147483647;
			files = (
				90725F9D204217830083E1FC /* Solution+Extensions.swift in Sources */,
				90D58EF6270FAB0600C626A2 /* SolutionIngradientDTO.swift in Sources */,
				9087E644271663280097CFC6 /* AbsoluteRelative.swift in Sources */,
				902B079628610833004D9DF0 /* WidgetEntry.swift in Sources */,
				90D8B023270E459300C81750 /* SolutionListView.swift in Sources */,
				90D4F74C26516D540082CFAE /* CompoundWrapper.swift in Sources */,
				90E19509270BCBBC00B8196A /* SelectCompoundsView.swift in Sources */,
				907AB0F82A52306E00922EF0 /* PersistenceHelper.swift in Sources */,
				9062E67C23411DAB0039C136 /* AtomEntity+Extensions.swift in Sources */,
				90AE0824271B4B1400DB7846 /* ConformerView.swift in Sources */,
				90CE069422E4EFBF0054E7C2 /* Conformer.swift in Sources */,
				90E010D5270A2A71004A2401 /* CompoundDetailView.swift in Sources */,
				90D8B02B270E620200C81750 /* MakeSolutionView.swift in Sources */,
				90E19505270B782200B8196A /* CompoundMiniDetailView.swift in Sources */,
				90C2FF7524B6946D00C33F4C /* ConformerDTO.swift in Sources */,
				90D4F7482651616D0082CFAE /* Compounds.swift in Sources */,
				90B12C43271373EE00EF065D /* MappingModel.xcmappingmodel in Sources */,
				907AE1C42A40D6F5003D88A5 /* SearchPubChemSpotlightDelegate.swift in Sources */,
				90AE0822271B29E700DB7846 /* SceneKitView.swift in Sources */,
				90D8B01E270E1E0900C81750 /* SearchPubChemViewModel.swift in Sources */,
				90725F9B204217540083E1FC /* Compound+Extensions.swift in Sources */,
				9084982C266D79EF002644F6 /* RecordLoader.swift in Sources */,
				90CE069622E4F0250054E7C2 /* Element.swift in Sources */,
				90EB2E2D27275CBA00C654BB /* RoundedBackgroundRectangle.swift in Sources */,
				90E010D3270A2941004A2401 /* CompoundListView.swift in Sources */,
				909031432EB7FA640068C492 /* SolutionIngradientData.swift in Sources */,
				908990A22714A6D400DC3989 /* DataMigrationView.swift in Sources */,
				90B12C41271333EF00EF065D /* DataMigrator.swift in Sources */,
				902B077D2861021D004D9DF0 /* AppDelegate.swift in Sources */,
				90D8B027270E501F00C81750 /* ContentView.swift in Sources */,
				90C18BAD2649ED950036C0DE /* CompoundTag+Extensions.swift in Sources */,
				907AB0F62A51C50700922EF0 /* PubChemDownloading.swift in Sources */,
				90D8B01A270D014500C81750 /* SelectTagsView.swift in Sources */,
				90AE84CF271097C700470E1B /* ShareActivityView.swift in Sources */,
				907730BB2A50E048003AA5A8 /* PubChemDownloadError.swift in Sources */,
				90A09DE524B124EA0089C6C0 /* CompoundDTO.swift in Sources */,
				90EB2E2827271B4400C654BB /* TabItem.swift in Sources */,
				908990A42714BF9C00DC3989 /* FirstLaunchView.swift in Sources */,
				90D8B029270E51AD00C81750 /* SearchPubChemApp.swift in Sources */,
				90CEBE922EAD3DEC00020608 /* SearchPubChemError.swift in Sources */,
				9089A0E92A5AF9CF00C14859 /* ConformerSceneHelper.swift in Sources */,
				90E010D9270A54C9004A2401 /* SolutionDetailView.swift in Sources */,
				90E19507270BB00300B8196A /* CompoundTagView.swift in Sources */,
				9087E642271662F40097CFC6 /* Unit.swift in Sources */,
				907730B92A50DD8E003AA5A8 /* PubChemDownloader.swift in Sources */,
				903140FD283EE71600A72350 /* SearchPubChemConstants.swift in Sources */,
				90C9EAD526506B5E0004CA43 /* RecordDumper.swift in Sources */,
				90EB2E2A27271E6B00C654BB /* Action.swift in Sources */,
				9065BF5B22EE2F7400350083 /* Elements.swift in Sources */,
				9081A380201BEEB800A1FECC /* PubChemSolution.xcdatamodeld in Sources */,
				90C008AB2309A60C0057217E /* ConformerEntity+Extensions.swift in Sources */,
				90863D782A58CDB800A9A7EB /* ConformerSceneView.swift in Sources */,
				90AE84D12710A46800470E1B /* SolutionMigrationPolicy.swift in Sources */,
				90D4F74A2651687A0082CFAE /* CompoundTagDTO.swift in Sources */,
				90D8B021270E1EEF00C81750 /* SearchType.swift in Sources */,
				90CE069822E4F2220054E7C2 /* Atom.swift in Sources */,
				90D8B01C270E1C2500C81750 /* AddCompoundView.swift in Sources */,
				90A28688204638ED00FF796A /* PubChemSearchConstants.swift in Sources */,
			);
			runOnlyForDeploymentPostprocessing = 0;
		};
		909AE6B5200CF2F000FEE529 /* Sources */ = {
			isa = PBXSourcesBuildPhase;
			buildActionMask = 2147483647;
			files = (
				909AE6BE200CF2F000FEE529 /* SearchPubChemTests.swift in Sources */,
			);
			runOnlyForDeploymentPostprocessing = 0;
		};
		909AE6C0200CF2F000FEE529 /* Sources */ = {
			isa = PBXSourcesBuildPhase;
			buildActionMask = 2147483647;
			files = (
				909AE6C9200CF2F000FEE529 /* SearchPubChemUITests.swift in Sources */,
			);
			runOnlyForDeploymentPostprocessing = 0;
		};
/* End PBXSourcesBuildPhase section */

/* Begin PBXTargetDependency section */
		902B078E286107B2004D9DF0 /* PBXTargetDependency */ = {
			isa = PBXTargetDependency;
			target = 902B0781286107AE004D9DF0 /* SearchPubChemWidgetExtensionExtension */;
			targetProxy = 902B078D286107B2004D9DF0 /* PBXContainerItemProxy */;
		};
		909AE6BB200CF2F000FEE529 /* PBXTargetDependency */ = {
			isa = PBXTargetDependency;
			target = 909AE6A4200CF2F000FEE529 /* SearchPubChem */;
			targetProxy = 909AE6BA200CF2F000FEE529 /* PBXContainerItemProxy */;
		};
		909AE6C6200CF2F000FEE529 /* PBXTargetDependency */ = {
			isa = PBXTargetDependency;
			target = 909AE6A4200CF2F000FEE529 /* SearchPubChem */;
			targetProxy = 909AE6C5200CF2F000FEE529 /* PBXContainerItemProxy */;
		};
/* End PBXTargetDependency section */

/* Begin PBXVariantGroup section */
		909AE6B1200CF2F000FEE529 /* LaunchScreen.storyboard */ = {
			isa = PBXVariantGroup;
			children = (
				909AE6B2200CF2F000FEE529 /* Base */,
			);
			name = LaunchScreen.storyboard;
			sourceTree = "<group>";
		};
/* End PBXVariantGroup section */

/* Begin XCBuildConfiguration section */
		902B0792286107B2004D9DF0 /* Debug */ = {
			isa = XCBuildConfiguration;
			buildSettings = {
				ASSETCATALOG_COMPILER_GLOBAL_ACCENT_COLOR_NAME = AccentColor;
				ASSETCATALOG_COMPILER_WIDGET_BACKGROUND_COLOR_NAME = WidgetBackground;
				CLANG_CXX_LANGUAGE_STANDARD = "gnu++17";
				CLANG_ENABLE_OBJC_WEAK = YES;
				CODE_SIGN_ENTITLEMENTS = SearchPubChemWidgetExtensionExtension.entitlements;
				CODE_SIGN_STYLE = Automatic;
				CURRENT_PROJECT_VERSION = 2;
				ENABLE_APP_SANDBOX = YES;
				ENABLE_OUTGOING_NETWORK_CONNECTIONS = YES;
				GENERATE_INFOPLIST_FILE = YES;
				INFOPLIST_FILE = SearchPubChemWidgetExtension/Info.plist;
				INFOPLIST_KEY_CFBundleDisplayName = SearchPubChemWidgetExtension;
				INFOPLIST_KEY_NSHumanReadableCopyright = "Copyright © 2022 Jae Seung Lee. All rights reserved.";
				IPHONEOS_DEPLOYMENT_TARGET = 26.0;
				LD_RUNPATH_SEARCH_PATHS = (
					"$(inherited)",
					"@executable_path/Frameworks",
					"@executable_path/../../Frameworks",
				);
				MARKETING_VERSION = 4.3;
				MTL_ENABLE_DEBUG_INFO = INCLUDE_SOURCE;
				MTL_FAST_MATH = YES;
				PRODUCT_BUNDLE_IDENTIFIER = com.resonance.jlee.SearchPubChem.SearchPubChemWidgetExtension;
				PRODUCT_NAME = "$(TARGET_NAME)";
				SKIP_INSTALL = YES;
				SUPPORTS_MACCATALYST = YES;
				SWIFT_EMIT_LOC_STRINGS = YES;
				SWIFT_VERSION = 6.0;
				TARGETED_DEVICE_FAMILY = "1,2";
			};
			name = Debug;
		};
		902B0793286107B2004D9DF0 /* Release */ = {
			isa = XCBuildConfiguration;
			buildSettings = {
				ASSETCATALOG_COMPILER_GLOBAL_ACCENT_COLOR_NAME = AccentColor;
				ASSETCATALOG_COMPILER_WIDGET_BACKGROUND_COLOR_NAME = WidgetBackground;
				CLANG_CXX_LANGUAGE_STANDARD = "gnu++17";
				CLANG_ENABLE_OBJC_WEAK = YES;
				CODE_SIGN_ENTITLEMENTS = SearchPubChemWidgetExtensionExtension.entitlements;
				CODE_SIGN_STYLE = Automatic;
				CURRENT_PROJECT_VERSION = 2;
				ENABLE_APP_SANDBOX = YES;
				ENABLE_OUTGOING_NETWORK_CONNECTIONS = YES;
				GENERATE_INFOPLIST_FILE = YES;
				INFOPLIST_FILE = SearchPubChemWidgetExtension/Info.plist;
				INFOPLIST_KEY_CFBundleDisplayName = SearchPubChemWidgetExtension;
				INFOPLIST_KEY_NSHumanReadableCopyright = "Copyright © 2022 Jae Seung Lee. All rights reserved.";
				IPHONEOS_DEPLOYMENT_TARGET = 26.0;
				LD_RUNPATH_SEARCH_PATHS = (
					"$(inherited)",
					"@executable_path/Frameworks",
					"@executable_path/../../Frameworks",
				);
				MARKETING_VERSION = 4.3;
				MTL_FAST_MATH = YES;
				PRODUCT_BUNDLE_IDENTIFIER = com.resonance.jlee.SearchPubChem.SearchPubChemWidgetExtension;
				PRODUCT_NAME = "$(TARGET_NAME)";
				SKIP_INSTALL = YES;
				SUPPORTS_MACCATALYST = YES;
				SWIFT_EMIT_LOC_STRINGS = YES;
				SWIFT_VERSION = 6.0;
				TARGETED_DEVICE_FAMILY = "1,2";
			};
			name = Release;
		};
		909AE6CB200CF2F000FEE529 /* Debug */ = {
			isa = XCBuildConfiguration;
			buildSettings = {
				ALWAYS_SEARCH_USER_PATHS = NO;
				CLANG_ANALYZER_NONNULL = YES;
				CLANG_ANALYZER_NUMBER_OBJECT_CONVERSION = YES_AGGRESSIVE;
				CLANG_CXX_LANGUAGE_STANDARD = "gnu++14";
				CLANG_CXX_LIBRARY = "libc++";
				CLANG_ENABLE_MODULES = YES;
				CLANG_ENABLE_OBJC_ARC = YES;
				CLANG_WARN_BLOCK_CAPTURE_AUTORELEASING = YES;
				CLANG_WARN_BOOL_CONVERSION = YES;
				CLANG_WARN_COMMA = YES;
				CLANG_WARN_CONSTANT_CONVERSION = YES;
				CLANG_WARN_DEPRECATED_OBJC_IMPLEMENTATIONS = YES;
				CLANG_WARN_DIRECT_OBJC_ISA_USAGE = YES_ERROR;
				CLANG_WARN_DOCUMENTATION_COMMENTS = YES;
				CLANG_WARN_EMPTY_BODY = YES;
				CLANG_WARN_ENUM_CONVERSION = YES;
				CLANG_WARN_INFINITE_RECURSION = YES;
				CLANG_WARN_INT_CONVERSION = YES;
				CLANG_WARN_NON_LITERAL_NULL_CONVERSION = YES;
				CLANG_WARN_OBJC_IMPLICIT_RETAIN_SELF = YES;
				CLANG_WARN_OBJC_LITERAL_CONVERSION = YES;
				CLANG_WARN_OBJC_ROOT_CLASS = YES_ERROR;
				CLANG_WARN_QUOTED_INCLUDE_IN_FRAMEWORK_HEADER = YES;
				CLANG_WARN_RANGE_LOOP_ANALYSIS = YES;
				CLANG_WARN_STRICT_PROTOTYPES = YES;
				CLANG_WARN_SUSPICIOUS_MOVE = YES;
				CLANG_WARN_UNGUARDED_AVAILABILITY = YES_AGGRESSIVE;
				CLANG_WARN_UNREACHABLE_CODE = YES;
				CLANG_WARN__DUPLICATE_METHOD_MATCH = YES;
				CODE_SIGN_IDENTITY = "iPhone Developer";
				COPY_PHASE_STRIP = NO;
				DEBUG_INFORMATION_FORMAT = dwarf;
				DEVELOPMENT_TEAM = U8VSJXRJTQ;
				ENABLE_STRICT_OBJC_MSGSEND = YES;
				ENABLE_TESTABILITY = YES;
				ENABLE_USER_SCRIPT_SANDBOXING = YES;
				GCC_C_LANGUAGE_STANDARD = gnu11;
				GCC_DYNAMIC_NO_PIC = NO;
				GCC_NO_COMMON_BLOCKS = YES;
				GCC_OPTIMIZATION_LEVEL = 0;
				GCC_PREPROCESSOR_DEFINITIONS = (
					"DEBUG=1",
					"$(inherited)",
				);
				GCC_WARN_64_TO_32_BIT_CONVERSION = YES;
				GCC_WARN_ABOUT_RETURN_TYPE = YES_ERROR;
				GCC_WARN_UNDECLARED_SELECTOR = YES;
				GCC_WARN_UNINITIALIZED_AUTOS = YES_AGGRESSIVE;
				GCC_WARN_UNUSED_FUNCTION = YES;
				GCC_WARN_UNUSED_VARIABLE = YES;
				IPHONEOS_DEPLOYMENT_TARGET = 15.0;
				MTL_ENABLE_DEBUG_INFO = YES;
				ONLY_ACTIVE_ARCH = YES;
				SDKROOT = iphoneos;
				STRING_CATALOG_GENERATE_SYMBOLS = YES;
				SWIFT_ACTIVE_COMPILATION_CONDITIONS = DEBUG;
				SWIFT_OPTIMIZATION_LEVEL = "-Onone";
				SWIFT_VERSION = 6.0;
			};
			name = Debug;
		};
		909AE6CC200CF2F000FEE529 /* Release */ = {
			isa = XCBuildConfiguration;
			buildSettings = {
				ALWAYS_SEARCH_USER_PATHS = NO;
				CLANG_ANALYZER_NONNULL = YES;
				CLANG_ANALYZER_NUMBER_OBJECT_CONVERSION = YES_AGGRESSIVE;
				CLANG_CXX_LANGUAGE_STANDARD = "gnu++14";
				CLANG_CXX_LIBRARY = "libc++";
				CLANG_ENABLE_MODULES = YES;
				CLANG_ENABLE_OBJC_ARC = YES;
				CLANG_WARN_BLOCK_CAPTURE_AUTORELEASING = YES;
				CLANG_WARN_BOOL_CONVERSION = YES;
				CLANG_WARN_COMMA = YES;
				CLANG_WARN_CONSTANT_CONVERSION = YES;
				CLANG_WARN_DEPRECATED_OBJC_IMPLEMENTATIONS = YES;
				CLANG_WARN_DIRECT_OBJC_ISA_USAGE = YES_ERROR;
				CLANG_WARN_DOCUMENTATION_COMMENTS = YES;
				CLANG_WARN_EMPTY_BODY = YES;
				CLANG_WARN_ENUM_CONVERSION = YES;
				CLANG_WARN_INFINITE_RECURSION = YES;
				CLANG_WARN_INT_CONVERSION = YES;
				CLANG_WARN_NON_LITERAL_NULL_CONVERSION = YES;
				CLANG_WARN_OBJC_IMPLICIT_RETAIN_SELF = YES;
				CLANG_WARN_OBJC_LITERAL_CONVERSION = YES;
				CLANG_WARN_OBJC_ROOT_CLASS = YES_ERROR;
				CLANG_WARN_QUOTED_INCLUDE_IN_FRAMEWORK_HEADER = YES;
				CLANG_WARN_RANGE_LOOP_ANALYSIS = YES;
				CLANG_WARN_STRICT_PROTOTYPES = YES;
				CLANG_WARN_SUSPICIOUS_MOVE = YES;
				CLANG_WARN_UNGUARDED_AVAILABILITY = YES_AGGRESSIVE;
				CLANG_WARN_UNREACHABLE_CODE = YES;
				CLANG_WARN__DUPLICATE_METHOD_MATCH = YES;
				CODE_SIGN_IDENTITY = "iPhone Developer";
				COPY_PHASE_STRIP = NO;
				DEBUG_INFORMATION_FORMAT = "dwarf-with-dsym";
				DEVELOPMENT_TEAM = U8VSJXRJTQ;
				ENABLE_NS_ASSERTIONS = NO;
				ENABLE_STRICT_OBJC_MSGSEND = YES;
				ENABLE_USER_SCRIPT_SANDBOXING = YES;
				GCC_C_LANGUAGE_STANDARD = gnu11;
				GCC_NO_COMMON_BLOCKS = YES;
				GCC_WARN_64_TO_32_BIT_CONVERSION = YES;
				GCC_WARN_ABOUT_RETURN_TYPE = YES_ERROR;
				GCC_WARN_UNDECLARED_SELECTOR = YES;
				GCC_WARN_UNINITIALIZED_AUTOS = YES_AGGRESSIVE;
				GCC_WARN_UNUSED_FUNCTION = YES;
				GCC_WARN_UNUSED_VARIABLE = YES;
				IPHONEOS_DEPLOYMENT_TARGET = 15.0;
				MTL_ENABLE_DEBUG_INFO = NO;
				SDKROOT = iphoneos;
				STRING_CATALOG_GENERATE_SYMBOLS = YES;
				SWIFT_COMPILATION_MODE = wholemodule;
				SWIFT_OPTIMIZATION_LEVEL = "-O";
				SWIFT_VERSION = 6.0;
				VALIDATE_PRODUCT = YES;
			};
			name = Release;
		};
		909AE6CE200CF2F000FEE529 /* Debug */ = {
			isa = XCBuildConfiguration;
			buildSettings = {
				ASSETCATALOG_COMPILER_APPICON_NAME = AppIcon_iOS26;
				CODE_SIGN_ENTITLEMENTS = SearchPubChem/SearchPubChem.entitlements;
				CODE_SIGN_STYLE = Automatic;
				CURRENT_PROJECT_VERSION = 2;
				ENABLE_APP_SANDBOX = YES;
				ENABLE_OUTGOING_NETWORK_CONNECTIONS = YES;
				INFOPLIST_FILE = SearchPubChem/Info.plist;
				INFOPLIST_KEY_CFBundleDisplayName = "Search PubChem";
				INFOPLIST_KEY_LSApplicationCategoryType = "public.app-category.education";
				IPHONEOS_DEPLOYMENT_TARGET = 26.0;
				LD_RUNPATH_SEARCH_PATHS = (
					"$(inherited)",
					"@executable_path/Frameworks",
				);
				MARKETING_VERSION = 4.3;
				PRODUCT_BUNDLE_IDENTIFIER = com.resonance.jlee.SearchPubChem;
				PRODUCT_NAME = "$(TARGET_NAME)";
				SUPPORTED_PLATFORMS = "iphoneos iphonesimulator";
				SUPPORTS_MACCATALYST = NO;
				SUPPORTS_MAC_DESIGNED_FOR_IPHONE_IPAD = NO;
				SWIFT_VERSION = 6.0;
				TARGETED_DEVICE_FAMILY = "1,2";
			};
			name = Debug;
		};
		909AE6CF200CF2F000FEE529 /* Release */ = {
			isa = XCBuildConfiguration;
			buildSettings = {
				ASSETCATALOG_COMPILER_APPICON_NAME = AppIcon_iOS26;
				CODE_SIGN_ENTITLEMENTS = SearchPubChem/SearchPubChem.entitlements;
				CODE_SIGN_STYLE = Automatic;
				CURRENT_PROJECT_VERSION = 2;
				ENABLE_APP_SANDBOX = YES;
				ENABLE_OUTGOING_NETWORK_CONNECTIONS = YES;
				INFOPLIST_FILE = SearchPubChem/Info.plist;
				INFOPLIST_KEY_CFBundleDisplayName = "Search PubChem";
				INFOPLIST_KEY_LSApplicationCategoryType = "public.app-category.education";
				IPHONEOS_DEPLOYMENT_TARGET = 26.0;
				LD_RUNPATH_SEARCH_PATHS = (
					"$(inherited)",
					"@executable_path/Frameworks",
				);
				MARKETING_VERSION = 4.3;
				PRODUCT_BUNDLE_IDENTIFIER = com.resonance.jlee.SearchPubChem;
				PRODUCT_NAME = "$(TARGET_NAME)";
				SUPPORTED_PLATFORMS = "iphoneos iphonesimulator";
				SUPPORTS_MACCATALYST = NO;
				SUPPORTS_MAC_DESIGNED_FOR_IPHONE_IPAD = NO;
				SWIFT_VERSION = 6.0;
				TARGETED_DEVICE_FAMILY = "1,2";
			};
			name = Release;
		};
		909AE6D1200CF2F000FEE529 /* Debug */ = {
			isa = XCBuildConfiguration;
			buildSettings = {
				BUNDLE_LOADER = "$(TEST_HOST)";
				CODE_SIGN_STYLE = Automatic;
				INFOPLIST_FILE = SearchPubChemTests/Info.plist;
				IPHONEOS_DEPLOYMENT_TARGET = 26.0;
				LD_RUNPATH_SEARCH_PATHS = (
					"$(inherited)",
					"@executable_path/Frameworks",
					"@loader_path/Frameworks",
				);
				PRODUCT_BUNDLE_IDENTIFIER = com.resonance.SearchPubChemTests;
				PRODUCT_NAME = "$(TARGET_NAME)";
				SUPPORTED_PLATFORMS = "iphoneos iphonesimulator";
				SUPPORTS_MACCATALYST = NO;
				SUPPORTS_MAC_DESIGNED_FOR_IPHONE_IPAD = YES;
				SUPPORTS_XR_DESIGNED_FOR_IPHONE_IPAD = NO;
				SWIFT_VERSION = 6.0;
				TARGETED_DEVICE_FAMILY = "1,2";
				TEST_HOST = "$(BUILT_PRODUCTS_DIR)/SearchPubChem.app/SearchPubChem";
			};
			name = Debug;
		};
		909AE6D2200CF2F000FEE529 /* Release */ = {
			isa = XCBuildConfiguration;
			buildSettings = {
				BUNDLE_LOADER = "$(TEST_HOST)";
				CODE_SIGN_STYLE = Automatic;
				INFOPLIST_FILE = SearchPubChemTests/Info.plist;
				IPHONEOS_DEPLOYMENT_TARGET = 26.0;
				LD_RUNPATH_SEARCH_PATHS = (
					"$(inherited)",
					"@executable_path/Frameworks",
					"@loader_path/Frameworks",
				);
				PRODUCT_BUNDLE_IDENTIFIER = com.resonance.SearchPubChemTests;
				PRODUCT_NAME = "$(TARGET_NAME)";
				SUPPORTED_PLATFORMS = "iphoneos iphonesimulator";
				SUPPORTS_MACCATALYST = NO;
				SUPPORTS_MAC_DESIGNED_FOR_IPHONE_IPAD = YES;
				SUPPORTS_XR_DESIGNED_FOR_IPHONE_IPAD = NO;
				SWIFT_VERSION = 6.0;
				TARGETED_DEVICE_FAMILY = "1,2";
				TEST_HOST = "$(BUILT_PRODUCTS_DIR)/SearchPubChem.app/SearchPubChem";
			};
			name = Release;
		};
		909AE6D4200CF2F000FEE529 /* Debug */ = {
			isa = XCBuildConfiguration;
			buildSettings = {
				"CODE_SIGN_IDENTITY[sdk=macosx*]" = "Apple Development";
				CODE_SIGN_STYLE = Automatic;
				INFOPLIST_FILE = SearchPubChemUITests/Info.plist;
				IPHONEOS_DEPLOYMENT_TARGET = 26.0;
				LD_RUNPATH_SEARCH_PATHS = (
					"$(inherited)",
					"@executable_path/Frameworks",
					"@loader_path/Frameworks",
				);
				PRODUCT_BUNDLE_IDENTIFIER = com.resonance.SearchPubChemUITests;
				PRODUCT_NAME = "$(TARGET_NAME)";
				SWIFT_VERSION = 6.0;
				TARGETED_DEVICE_FAMILY = "1,2";
				TEST_TARGET_NAME = SearchPubChem;
			};
			name = Debug;
		};
		909AE6D5200CF2F000FEE529 /* Release */ = {
			isa = XCBuildConfiguration;
			buildSettings = {
				"CODE_SIGN_IDENTITY[sdk=macosx*]" = "Apple Development";
				CODE_SIGN_STYLE = Automatic;
				INFOPLIST_FILE = SearchPubChemUITests/Info.plist;
				IPHONEOS_DEPLOYMENT_TARGET = 26.0;
				LD_RUNPATH_SEARCH_PATHS = (
					"$(inherited)",
					"@executable_path/Frameworks",
					"@loader_path/Frameworks",
				);
				PRODUCT_BUNDLE_IDENTIFIER = com.resonance.SearchPubChemUITests;
				PRODUCT_NAME = "$(TARGET_NAME)";
				SWIFT_VERSION = 6.0;
				TARGETED_DEVICE_FAMILY = "1,2";
				TEST_TARGET_NAME = SearchPubChem;
			};
			name = Release;
		};
/* End XCBuildConfiguration section */

/* Begin XCConfigurationList section */
		902B0791286107B2004D9DF0 /* Build configuration list for PBXNativeTarget "SearchPubChemWidgetExtensionExtension" */ = {
			isa = XCConfigurationList;
			buildConfigurations = (
				902B0792286107B2004D9DF0 /* Debug */,
				902B0793286107B2004D9DF0 /* Release */,
			);
			defaultConfigurationIsVisible = 0;
			defaultConfigurationName = Release;
		};
		909AE6A0200CF2F000FEE529 /* Build configuration list for PBXProject "SearchPubChem" */ = {
			isa = XCConfigurationList;
			buildConfigurations = (
				909AE6CB200CF2F000FEE529 /* Debug */,
				909AE6CC200CF2F000FEE529 /* Release */,
			);
			defaultConfigurationIsVisible = 0;
			defaultConfigurationName = Release;
		};
		909AE6CD200CF2F000FEE529 /* Build configuration list for PBXNativeTarget "SearchPubChem" */ = {
			isa = XCConfigurationList;
			buildConfigurations = (
				909AE6CE200CF2F000FEE529 /* Debug */,
				909AE6CF200CF2F000FEE529 /* Release */,
			);
			defaultConfigurationIsVisible = 0;
			defaultConfigurationName = Release;
		};
		909AE6D0200CF2F000FEE529 /* Build configuration list for PBXNativeTarget "SearchPubChemTests" */ = {
			isa = XCConfigurationList;
			buildConfigurations = (
				909AE6D1200CF2F000FEE529 /* Debug */,
				909AE6D2200CF2F000FEE529 /* Release */,
			);
			defaultConfigurationIsVisible = 0;
			defaultConfigurationName = Release;
		};
		909AE6D3200CF2F000FEE529 /* Build configuration list for PBXNativeTarget "SearchPubChemUITests" */ = {
			isa = XCConfigurationList;
			buildConfigurations = (
				909AE6D4200CF2F000FEE529 /* Debug */,
				909AE6D5200CF2F000FEE529 /* Release */,
			);
			defaultConfigurationIsVisible = 0;
			defaultConfigurationName = Release;
		};
/* End XCConfigurationList section */

/* Begin XCRemoteSwiftPackageReference section */
		90E6E10E285F7AF5007B6933 /* XCRemoteSwiftPackageReference "PersistenceSwift" */ = {
			isa = XCRemoteSwiftPackageReference;
			repositoryURL = "https://github.com/jaeseung16/PersistenceSwift";
			requirement = {
				kind = exactVersion;
				version = 0.2.15;
			};
		};
/* End XCRemoteSwiftPackageReference section */

/* Begin XCSwiftPackageProductDependency section */
		90E6E10F285F7AF5007B6933 /* Persistence */ = {
			isa = XCSwiftPackageProductDependency;
			package = 90E6E10E285F7AF5007B6933 /* XCRemoteSwiftPackageReference "PersistenceSwift" */;
			productName = Persistence;
		};
/* End XCSwiftPackageProductDependency section */

/* Begin XCVersionGroup section */
		9081A37E201BEEB800A1FECC /* PubChemSolution.xcdatamodeld */ = {
			isa = XCVersionGroup;
			children = (
				90D58EF4270F8FC500C626A2 /* PubChemSolution v4.xcdatamodel */,
				90C18BAB2649ECC60036C0DE /* PubChemSolution v3.xcdatamodel */,
				90C008A92309A5020057217E /* PubChemSolution v2.xcdatamodel */,
				9081A37F201BEEB800A1FECC /* PubChemSolution.xcdatamodel */,
			);
			currentVersion = 90D58EF4270F8FC500C626A2 /* PubChemSolution v4.xcdatamodel */;
			path = PubChemSolution.xcdatamodeld;
			sourceTree = "<group>";
			versionGroupType = wrapper.xcdatamodel;
		};
/* End XCVersionGroup section */
	};
	rootObject = 909AE69D200CF2F000FEE529 /* Project object */;
}
